	<Project xmlns="http://schemas.microsoft.com/developer/msbuild/2003">
		<PropertyGroup>
			<ProjectGuid>{DBACE99F-0221-4660-936F-15A30233FA90}</ProjectGuid>
			<MainSource>ModelMuse.dpr</MainSource>
			<Base>True</Base>
			<Config Condition="'$(Config)'==''">Release</Config>
			<Platform>Win32</Platform>
			<AppType>Application</AppType>
			<FrameworkType>VCL</FrameworkType>
			<DCC_DCCCompiler>DCC32</DCC_DCCCompiler>
			<ProjectVersion>12.3</ProjectVersion>
		</PropertyGroup>
		<PropertyGroup Condition="'$(Config)'=='Base' or '$(Base)'!=''">
			<Base>true</Base>
		</PropertyGroup>
		<PropertyGroup Condition="'$(Config)'=='Release' or '$(Cfg_1)'!=''">
			<Cfg_1>true</Cfg_1>
			<CfgParent>Base</CfgParent>
			<Base>true</Base>
		</PropertyGroup>
		<PropertyGroup Condition="'$(Config)'=='Debug' or '$(Cfg_2)'!=''">
			<Cfg_2>true</Cfg_2>
			<CfgParent>Base</CfgParent>
			<Base>true</Base>
		</PropertyGroup>
		<PropertyGroup Condition="'$(Base)'!=''">
			<DCC_UsePackage>vclimg;vcl;vclx;dbrtl;Rave90VCL;bdertl;VclSmp;rtl;svnui;svn;TeeUI;TeeDB;Tee;vclactnband;vcldb;vcldbx;vcltouch;xmlrtl;dsnap;dsnapcon;vclib;ibxpress;adortl;IndyCore;IndySystem;IndyProtocols;inet;intrawebdb_110_150;Intraweb_110_150;vclie;inetdb;webdsnap;websnap;inetdbbde;inetdbxpress;soaprtl;vclribbon;DbxCommonDriver;DBXInterBaseDriver;DBXMySQLDriver;dbexpress;dbxcds;CodeSiteExpressVcl;madBasic_;madDisAsm_;madExcept_;DbxClientDriver;AzureCloud;GR32_DSGN_RSXE;GR32_RS_XE;GLScene_RunTime;AbbreviaVCL;EZDSL3dA_XE;addbtn95_DXEpkg;AdeXEPkg;datagridPkgXE;ModelCubeXEPkg;MostRecentFilesXE;QuadTreePkgXE;RbwControllerPackageXE;DynamicCursorXEPkg;RbwEditPkgXE;RbwRulerPkgXE;XBasePkgXE;JclDeveloperTools;Jcl;JclVcl;JclContainers;JvCore;JvSystem;JvStdCtrls;JvAppFrm;JvBands;JvDB;JvDlgs;JvBDE;JvControls;JvCmp;JvCrypt;JvCustom;JvDocking;JvDotNetCtrls;JvGlobus;JvHMI;JvJans;JvManagedThreads;JvMM;JvNet;JvPageComps;JvPascalInterpreter;JvPluginSystem;JvPrintPreview;JvRuntimeDesign;JvTimeFramework;JvWizards;JvXPCtrls;ZoomBox2PkgXE;RbwRadioGroupPkgXE;VirtualTreesD14;ButtonEditPkgXE;RbwDataGridPkgXE;VGlWidgetXEPkg;RbwParserPkgXE</DCC_UsePackage>
			<DCC_Description>Public-domain USGS pre- and post-processor for groundwater models.</DCC_Description>
			<DCC_ImageBase>00400000</DCC_ImageBase>
			<DCC_MapFile>3</DCC_MapFile>
			<DCC_GenerateStackFrames>true</DCC_GenerateStackFrames>
			<DCC_UnitSearchPath>$(BDS)\lib\Debug;$(BDS)\Lib\Debug\Indy10;D:\jedi\338\jcl\lib\d10\debug;D:\jedi\340\jcl\lib\d10\debug;D:\Colab\GWModelTools\ModelMuse\FastCode;$(DCC_UnitSearchPath)</DCC_UnitSearchPath>
			<DCC_UnitAlias>WinTypes=Windows;WinProcs=Windows;DbiTypes=BDE;DbiProcs=BDE;DbiErrs=BDE;$(DCC_UnitAlias)</DCC_UnitAlias>
			<DCC_RangeChecking>true</DCC_RangeChecking>
			<DCC_Define>LogMemoryLeakDetailToFile;AutoPatchRTL;madExcept;$(DCC_Define)</DCC_Define>
			<DCC_K>false</DCC_K>
			<DCC_N>true</DCC_N>
			<DCC_S>false</DCC_S>
			<DCC_F>false</DCC_F>
			<DCC_SymbolReferenceInfo>1</DCC_SymbolReferenceInfo>
			<DCC_IntegerOverflowCheck>true</DCC_IntegerOverflowCheck>
			<DCC_E>false</DCC_E>
		</PropertyGroup>
		<PropertyGroup Condition="'$(Cfg_1)'!=''">
			<DCC_Define>RELEASE;SUBSEG;$(DCC_Define)</DCC_Define>
			<DCC_SymbolReferenceInfo>0</DCC_SymbolReferenceInfo>
		</PropertyGroup>
		<PropertyGroup Condition="'$(Cfg_2)'!=''">
			<DCC_DebugInfoInExe>true</DCC_DebugInfoInExe>
			<DCC_DebugDCUs>true</DCC_DebugDCUs>
			<DCC_Define>DEBUG;FullDebugMode;$(DCC_Define)</DCC_Define>
			<DCC_Optimize>false</DCC_Optimize>
		</PropertyGroup>
		<ItemGroup>
			<DelphiCompile Include="ModelMuse.dpr">
				<MainSource>MainSource</MainSource>
			</DelphiCompile>
			<DCCReference Include="FastMM4.pas"/>
			<DCCReference Include="FastCode\FastMove.pas"/>
			<DCCReference Include="TempFiles.pas"/>
			<DCCReference Include="frmGoPhastUnit.pas">
				<Form>frmGoPhast</Form>
			</DCCReference>
			<DCCReference Include="AbstractGridUnit.pas"/>
			<DCCReference Include="AbstractTypedList.pas"/>
			<DCCReference Include="ActiveZone.pas"/>
			<DCCReference Include="arcball.pas"/>
			<DCCReference Include="BigCanvasMethods.pas"/>
			<DCCReference Include="ColorSchemes.pas"/>
			<DCCReference Include="ColRowLayerChangeUnit.pas"/>
			<DCCReference Include="CompressedImageUnit.pas"/>
			<DCCReference Include="CoordinateConversionUnit.pas"/>
			<DCCReference Include="CursorsFoiledAgain.pas"/>
			<DCCReference Include="CustomBoundaryZone.pas"/>
			<DCCReference Include="CustomLeakyZone.pas"/>
			<DCCReference Include="DataSetUnit.pas"/>
			<DCCReference Include="DXF_read.pas"/>
			<DCCReference Include="DXF_Structs.pas"/>
			<DCCReference Include="DXF_Utils.pas"/>
			<DCCReference Include="DXF_write.pas"/>
			<DCCReference Include="frame3DViewUnit.pas">
				<Form>frame3DView</Form>
				<DesignClass>TFrame</DesignClass>
			</DCCReference>
			<DCCReference Include="frameDisplayLimitUnit.pas">
				<Form>frameDisplayLimit</Form>
				<DesignClass>TFrame</DesignClass>
			</DCCReference>
			<DCCReference Include="framePhastInterpolationUnit.pas">
				<Form>framePhastInterpolation</Form>
				<DesignClass>TFrame</DesignClass>
			</DCCReference>
			<DCCReference Include="frameRulerOptionsUnit.pas">
				<Form>frameRulerOptions</Form>
				<DesignClass>TFrame</DesignClass>
			</DCCReference>
			<DCCReference Include="frameViewUnit.pas">
				<Form>frameView</Form>
				<DesignClass>TFrame</DesignClass>
			</DCCReference>
			<DCCReference Include="frmAboutUnit.pas">
				<Form>frmAbout</Form>
			</DCCReference>
			<DCCReference Include="frmChemistryOptionsUnit.pas">
				<Form>frmChemistryOptions</Form>
			</DCCReference>
			<DCCReference Include="frmColorsUnit.pas">
				<Form>frmColors</Form>
			</DCCReference>
			<DCCReference Include="frmConvertChoiceUnit.pas">
				<Form>frmConvertChoice</Form>
			</DCCReference>
			<DCCReference Include="frmCustomGoPhastUnit.pas">
				<Form>frmCustomGoPhast</Form>
			</DCCReference>
			<DCCReference Include="frmDataSetsUnits.pas">
				<Form>frmDataSets</Form>
			</DCCReference>
			<DCCReference Include="frmFormulaErrorsUnit.pas">
				<Form>frmFormulaErrors</Form>
			</DCCReference>
			<DCCReference Include="frmFormulaUnit.pas">
				<Form>frmFormula</Form>
			</DCCReference>
			<DCCReference Include="frmFreeSurfaceUnit.pas">
				<Form>frmFreeSurface</Form>
			</DCCReference>
			<DCCReference Include="frmGenerateGridUnit.pas">
				<Form>frmGenerateGrid</Form>
			</DCCReference>
			<DCCReference Include="frmGridAngleUnit.pas">
				<Form>frmGridAngle</Form>
			</DCCReference>
			<DCCReference Include="frmGridColorUnit.pas">
				<Form>frmGridColor</Form>
			</DCCReference>
			<DCCReference Include="frmGridSpacingUnit.pas">
				<Form>frmGridSpacing</Form>
			</DCCReference>
			<DCCReference Include="frmHintDelayUnit.pas">
				<Form>frmHintDelay</Form>
			</DCCReference>
			<DCCReference Include="frmImportBitmapUnit.pas">
				<Form>frmImportBitmap</Form>
			</DCCReference>
			<DCCReference Include="frmImportDistributedDataUnit.pas">
				<Form>frmImportDistributedData</Form>
			</DCCReference>
			<DCCReference Include="frmImportDXFUnit.pas">
				<Form>frmImportDXF</Form>
			</DCCReference>
			<DCCReference Include="frmImportPointsUnits.pas">
				<Form>frmImportPoints</Form>
			</DCCReference>
			<DCCReference Include="frmImportShapefileUnit.pas">
				<Form>frmImportShapeFile</Form>
			</DCCReference>
			<DCCReference Include="frmGoToUnit.pas">
				<Form>frmGoTo</Form>
			</DCCReference>
			<DCCReference Include="frmPhastGridOptionsUnit.pas">
				<Form>frmPhastGridOptions</Form>
			</DCCReference>
			<DCCReference Include="frmPixelPointUnit.pas">
				<Form>frmPixelPoint</Form>
			</DCCReference>
			<DCCReference Include="frmPrintFrequencyUnit.pas">
				<Form>frmPrintFrequency</Form>
			</DCCReference>
			<DCCReference Include="frmPrintInitialUnit.pas">
				<Form>frmPrintInitial</Form>
			</DCCReference>
			<DCCReference Include="frmProgressUnit.pas">
				<Form>frmProgressMM</Form>
			</DCCReference>
			<DCCReference Include="frmRearrangeObjectsUnit.pas">
				<Form>frmRearrangeObjects</Form>
			</DCCReference>
			<DCCReference Include="frmRulerOptionsUnit.pas">
				<Form>frmRulerOptions</Form>
			</DCCReference>
			<DCCReference Include="frmScreenObjectPropertiesUnit.pas">
				<Form>frmScreenObjectProperties</Form>
			</DCCReference>
			<DCCReference Include="frmSearchUnit.pas">
				<Form>frmSearch</Form>
			</DCCReference>
			<DCCReference Include="frmSelectColRowLayerUnit.pas">
				<Form>frmSelectColRowLayer</Form>
			</DCCReference>
			<DCCReference Include="frmSelectedObjectsUnit.pas">
				<Form>frmSelectedObjects</Form>
			</DCCReference>
			<DCCReference Include="frmSelectImageUnit.pas">
				<Form>frmSelectImage</Form>
			</DCCReference>
			<DCCReference Include="frmSelectObjectsUnit.pas">
				<Form>frmSelectObjects</Form>
			</DCCReference>
			<DCCReference Include="frmSetSpacingUnit.pas">
				<Form>frmSetSpacing</Form>
			</DCCReference>
			<DCCReference Include="frmShowHideBitmapsUnit.pas">
				<Form>frmShowHideBitmaps</Form>
			</DCCReference>
			<DCCReference Include="frmShowHideObjectsUnit.pas">
				<Form>frmShowHideObjects</Form>
			</DCCReference>
			<DCCReference Include="frmSmoothGridUnit.pas">
				<Form>frmSmoothGrid</Form>
			</DCCReference>
			<DCCReference Include="frmSolutionMethodUnit.pas">
				<Form>frmSolutionMethod</Form>
			</DCCReference>
			<DCCReference Include="frmStartUpUnit.pas">
				<Form>frmStartUp</Form>
			</DCCReference>
			<DCCReference Include="frmSteadyFlowUnit.pas">
				<Form>frmSteadyFlow</Form>
			</DCCReference>
			<DCCReference Include="frmSubdivideUnit.pas">
				<Form>frmSubdivide</Form>
			</DCCReference>
			<DCCReference Include="frmTimeControlUnit.pas">
				<Form>frmTimeControl</Form>
			</DCCReference>
			<DCCReference Include="frmUnitsUnit.pas">
				<Form>frmUnits</Form>
			</DCCReference>
			<DCCReference Include="frmVerticalExaggerationUnit.pas">
				<Form>frmVerticalExaggeration</Form>
			</DCCReference>
			<DCCReference Include="FrontLeakyZone.pas"/>
			<DCCReference Include="GIS_Functions.pas"/>
			<DCCReference Include="GoPhastTypes.pas"/>
			<DCCReference Include="GridGeneration.pas"/>
			<DCCReference Include="InitialChemistryZone.pas"/>
			<DCCReference Include="InitialHeadZone.pas"/>
			<DCCReference Include="InteractiveTools.pas"/>
			<DCCReference Include="InterpolationUnit.pas"/>
			<DCCReference Include="IntListUnit.pas"/>
			<DCCReference Include="LinRegression.pas"/>
			<DCCReference Include="MediaZone.pas"/>
			<DCCReference Include="PhastModelUnit.pas"/>
			<DCCReference Include="ObserverIntfU.pas"/>
			<DCCReference Include="ObserverListU.pas"/>
			<DCCReference Include="ObserverProxyU.PAS"/>
			<DCCReference Include="ObserverU.pas"/>
			<DCCReference Include="PhastDataSets.pas"/>
			<DCCReference Include="PhastGridUnit.pas"/>
			<DCCReference Include="PrintChemistryXYZ_Zone.pas"/>
			<DCCReference Include="PrintChemistryZone.pas"/>
			<DCCReference Include="PrintFrequency.pas"/>
			<DCCReference Include="RbwInternetUtilities.pas"/>
			<DCCReference Include="ShapefileUnit.pas"/>
			<DCCReference Include="RealListUnit.pas"/>
			<DCCReference Include="rwXMLConv.pas"/>
			<DCCReference Include="rwXMLParser.pas"/>
			<DCCReference Include="ScreenObjectUnit.pas"/>
			<DCCReference Include="SelectUnit.pas"/>
			<DCCReference Include="SideLeakyZone.pas"/>
			<DCCReference Include="SparseArrayUnit.pas"/>
			<DCCReference Include="SparseDataSets.pas"/>
			<DCCReference Include="SpecifiedFluxFrontZone.pas"/>
			<DCCReference Include="SpecifiedFluxSideZone.pas"/>
			<DCCReference Include="SpecifiedFluxTopZone.pas"/>
			<DCCReference Include="SpecifiedHeadZone.pas"/>
			<DCCReference Include="SubscriptionUnit.pas"/>
			<DCCReference Include="TimeUnit.pas"/>
			<DCCReference Include="TopLeakyZone.pas"/>
			<DCCReference Include="Undo.pas"/>
			<DCCReference Include="UndoItems.pas"/>
			<DCCReference Include="UndoItemsScreenObjects.pas"/>
			<DCCReference Include="ModelMuseUtilities.pas"/>
			<DCCReference Include="WritePhastUnit.pas"/>
			<DCCReference Include="WriteRiverUnit.pas"/>
			<DCCReference Include="WriteWellUnit.pas"/>
			<DCCReference Include="ZoneUnit.pas"/>
			<DCCReference Include="frmUndoUnit.pas">
				<Form>UndoForm</Form>
			</DCCReference>
			<DCCReference Include="ModflowGridUnit.pas"/>
			<DCCReference Include="frameInitialGridPositionUnit.pas">
				<Form>frameInitialGridPosition</Form>
				<DesignClass>TFrame</DesignClass>
			</DCCReference>
			<DCCReference Include="LayerStructureUnit.pas"/>
			<DCCReference Include="GuiSettingsUnit.pas"/>
			<DCCReference Include="frmLayersUnit.pas">
				<Form>frmLayers</Form>
			</DCCReference>
			<DCCReference Include="FastGEO.pas"/>
			<DCCReference Include="frmModflowOptionsUnit.pas">
				<Form>frmModflowOptions</Form>
			</DCCReference>
			<DCCReference Include="ElevationStorageUnit.pas"/>
			<DCCReference Include="ModflowOptionsUnit.pas"/>
			<DCCReference Include="frmModflowTimeUnit.pas">
				<Form>frmModflowTime</Form>
			</DCCReference>
			<DCCReference Include="ModflowTimeUnit.pas"/>
			<DCCReference Include="CustomModflowWriterUnit.pas"/>
			<DCCReference Include="ModflowDiscretizationWriterUnit.pas"/>
			<DCCReference Include="frmModflowOutputControlUnit.pas">
				<Form>frmModflowOutputControl</Form>
			</DCCReference>
			<DCCReference Include="ModflowOutputControlUnit.pas"/>
			<DCCReference Include="frmErrorsAndWarningsUnit.pas">
				<Form>frmErrorsAndWarnings</Form>
			</DCCReference>
			<DCCReference Include="ModflowBasicWriterUnit.pas"/>
			<DCCReference Include="ModflowParameterUnit.pas"/>
			<DCCReference Include="OrderedCollectionUnit.pas"/>
			<DCCReference Include="ModflowLPF_WriterUnit.pas"/>
			<DCCReference Include="ModflowUnitNumbers.pas"/>
			<DCCReference Include="ModflowMultiplierZoneWriterUnit.pas"/>
			<DCCReference Include="ModflowTransientListParameterUnit.pas"/>
			<DCCReference Include="frameScreenObjectParamUnit.pas">
				<Form>frameScreenObjectParam</Form>
				<DesignClass>TFrame</DesignClass>
			</DCCReference>
			<DCCReference Include="CountObjectsUnit.pas"/>
			<DCCReference Include="ModflowConstantHeadBoundaryUnit.pas"/>
			<DCCReference Include="frmGridValueUnit.pas">
				<Form>frmGridValue</Form>
			</DCCReference>
			<DCCReference Include="ModflowCHD_WriterUnit.pas"/>
			<DCCReference Include="framePackageUnit.pas">
				<Form>framePackage</Form>
				<DesignClass>TFrame</DesignClass>
			</DCCReference>
			<DCCReference Include="ModflowPackageSelectionUnit.pas"/>
			<DCCReference Include="framePcgUnit.pas">
				<Form>framePCG</Form>
				<DesignClass>TFrame</DesignClass>
			</DCCReference>
			<DCCReference Include="ModflowPackagesUnit.pas"/>
			<DCCReference Include="ModflowPCG_WriterUnit.pas"/>
			<DCCReference Include="frmProgramLocationsUnit.pas">
				<Form>frmProgramLocations</Form>
			</DCCReference>
			<DCCReference Include="TripackProcedures.pas"/>
			<DCCReference Include="SfrProcedures.pas"/>
			<DCCReference Include="SfrInterpolatorUnit.pas"/>
			<DCCReference Include="TripackTypes.pas"/>
			<DCCReference Include="ModflowGhbUnit.pas"/>
			<DCCReference Include="ModflowBoundaryUnit.pas"/>
			<DCCReference Include="ModflowGHB_WriterUnit.pas"/>
			<DCCReference Include="ModflowCellUnit.pas"/>
			<DCCReference Include="frameScreenObjectCondParamUnit.pas">
				<Form>frameScreenObjectCondParam</Form>
				<DesignClass>TFrame</DesignClass>
			</DCCReference>
			<DCCReference Include="ModflowWellUnit.pas"/>
			<DCCReference Include="ModflowWellWriterUnit.pas"/>
			<DCCReference Include="ModflowRivUnit.pas"/>
			<DCCReference Include="ModflowRiverWriterUnit.pas"/>
			<DCCReference Include="ModflowDrnUnit.pas"/>
			<DCCReference Include="ModflowDRN_WriterUnit.pas"/>
			<DCCReference Include="ModflowDrtUnit.pas"/>
			<DCCReference Include="ModflowDRT_WriterUnit.pas"/>
			<DCCReference Include="frameListParameterDefinitionUnit.pas">
				<Form>frameListParameterDefinition</Form>
				<DesignClass>TFrame</DesignClass>
			</DCCReference>
			<DCCReference Include="frameArrayParameterDefinitionUnit.pas">
				<Form>frameArrayParameterDefinition</Form>
				<DesignClass>TFrame</DesignClass>
			</DCCReference>
			<DCCReference Include="ModflowRchUnit.pas"/>
			<DCCReference Include="ModflowRCH_WriterUnit.pas"/>
			<DCCReference Include="ModflowEvtUnit.pas"/>
			<DCCReference Include="ModflowEVT_WriterUnit.pas"/>
			<DCCReference Include="ModflowEtsUnit.pas"/>
			<DCCReference Include="framePackageTransientLayerChoiceUnit.pas">
				<Form>framePackageTransientLayerChoice</Form>
				<DesignClass>TFrame</DesignClass>
			</DCCReference>
			<DCCReference Include="frameEtsPackageUnit.pas">
				<Form>frameEtsPackage</Form>
				<DesignClass>TFrame</DesignClass>
			</DCCReference>
			<DCCReference Include="ModflowETS_WriterUnit.pas"/>
			<DCCReference Include="framePackageResUnit.pas">
				<Form>framePackageRes</Form>
				<DesignClass>TFrame</DesignClass>
			</DCCReference>
			<DCCReference Include="ModflowResUnit.pas"/>
			<DCCReference Include="ModflowRES_WriterUnit.pas"/>
			<DCCReference Include="GlobalVariablesUnit.pas"/>
			<DCCReference Include="frmGlobalVariablesUnit.pas">
				<Form>frmGlobalVariables</Form>
			</DCCReference>
			<DCCReference Include="framePackageLAK_Unit.pas">
				<Form>framePackageLAK</Form>
				<DesignClass>TFrame</DesignClass>
			</DCCReference>
			<DCCReference Include="frameScreenObjectNoParamUnit.pas">
				<Form>frameScreenObjectNoParam</Form>
				<DesignClass>TFrame</DesignClass>
			</DCCReference>
			<DCCReference Include="frameScreenObjectLAK_Unit.pas">
				<Form>frameScreenObjectLAK</Form>
				<DesignClass>TFrame</DesignClass>
			</DCCReference>
			<DCCReference Include="ModflowLakUnit.pas"/>
			<DCCReference Include="ModflowLAK_Writer.pas"/>
			<DCCReference Include="frameOutputControlUnit.pas">
				<Form>frameOutputControl</Form>
				<DesignClass>TFrame</DesignClass>
			</DCCReference>
			<DCCReference Include="ModflowBoundaryDisplayUnit.pas"/>
			<DCCReference Include="IniFileUtilities.pas"/>
			<DCCReference Include="frameCrossSectionUnit.pas">
				<Form>frameCrossSection</Form>
				<DesignClass>TFrame</DesignClass>
			</DCCReference>
			<DCCReference Include="frameFlowTableUnit.pas">
				<Form>frameFlowTable</Form>
				<DesignClass>TFrame</DesignClass>
			</DCCReference>
			<DCCReference Include="frameScreenObjectSFR_Unit.pas">
				<Form>frameScreenObjectSFR</Form>
				<DesignClass>TFrame</DesignClass>
			</DCCReference>
			<DCCReference Include="framePackageSFRUnit.pas">
				<Form>framePackageSFR</Form>
				<DesignClass>TFrame</DesignClass>
			</DCCReference>
			<DCCReference Include="ModflowSfrUnit.pas"/>
			<DCCReference Include="ModflowSfrReachUnit.pas"/>
			<DCCReference Include="ModflowSfrChannelUnit.pas"/>
			<DCCReference Include="ModflowSfrSegment.pas"/>
			<DCCReference Include="ModflowSfrUnsatSegment.pas"/>
			<DCCReference Include="ModflowSfrTable.pas"/>
			<DCCReference Include="ModflowSfrFlows.pas"/>
			<DCCReference Include="ModflowSfrEquationUnit.pas"/>
			<DCCReference Include="ModflowSfrWriterUnit.pas"/>
			<DCCReference Include="ModflowSfrParamIcalcUnit.pas"/>
			<DCCReference Include="frameSfrParamInstancesUnit.pas">
				<Form>frameSfrParamInstances</Form>
				<DesignClass>TFrame</DesignClass>
			</DCCReference>
			<DCCReference Include="IntervalTree.pas"/>
			<DCCReference Include="framePackageUZFUnit.pas">
				<Form>framePackageUZF</Form>
				<DesignClass>TFrame</DesignClass>
			</DCCReference>
			<DCCReference Include="framePackageLayerChoiceUnit.pas">
				<Form>framePackageLayerChoice</Form>
				<DesignClass>TFrame</DesignClass>
			</DCCReference>
			<DCCReference Include="ModflowUzfUnit.pas"/>
			<DCCReference Include="ModflowUzfWriterUnit.pas"/>
			<DCCReference Include="frameGmgUnit.pas">
				<Form>frameGMG</Form>
				<DesignClass>TFrame</DesignClass>
			</DCCReference>
			<DCCReference Include="ModflowGMG_WriterUnit.pas"/>
			<DCCReference Include="frameSipUnit.pas">
				<Form>frameSIP</Form>
				<DesignClass>TFrame</DesignClass>
			</DCCReference>
			<DCCReference Include="ModflowSIP_WriterUnit.pas"/>
			<DCCReference Include="frameDe4Unit.pas">
				<Form>frameDE4</Form>
				<DesignClass>TFrame</DesignClass>
			</DCCReference>
			<DCCReference Include="ModflowDE4_WriterUnit.pas"/>
			<DCCReference Include="ModflowOC_Writer.pas"/>
			<DCCReference Include="RequiredDataSetsUndoUnit.pas"/>
			<DCCReference Include="frmFilesToArchiveUnit.pas">
				<Form>frmFilesToArchive</Form>
			</DCCReference>
			<DCCReference Include="frmSaveArchiveUnit.pas">
				<Form>frmSaveArchive</Form>
			</DCCReference>
			<DCCReference Include="ModflowGAG_WriterUnit.pas"/>
			<DCCReference Include="frmLinkStreamsUnit.pas">
				<Form>frmLinkStreams</Form>
			</DCCReference>
			<DCCReference Include="framePackageHobUnit.pas">
				<Form>framePackageHob</Form>
				<DesignClass>TFrame</DesignClass>
			</DCCReference>
			<DCCReference Include="ModflowHobUnit.pas"/>
			<DCCReference Include="ClassificationUnit.pas"/>
			<DCCReference Include="frameHeadObservationsUnit.pas">
				<Form>frameHeadObservations</Form>
				<DesignClass>TFrame</DesignClass>
			</DCCReference>
			<DCCReference Include="ModflowHOB_WriterUnit.pas"/>
			<DCCReference Include="ValueArrayStorageUnit.pas"/>
			<DCCReference Include="ModflowHfbUnit.pas"/>
			<DCCReference Include="frameHfbScreenObjectUnit.pas">
				<Form>frameHfbScreenObject</Form>
				<DesignClass>TFrame</DesignClass>
			</DCCReference>
			<DCCReference Include="ModflowHFB_WriterUnit.pas"/>
			<DCCReference Include="EdgeDisplayUnit.pas"/>
			<DCCReference Include="ModflowHfbDisplayUnit.pas"/>
			<DCCReference Include="IsosurfaceUnit.pas"/>
			<DCCReference Include="LookUpTable.pas"/>
			<DCCReference Include="frmExportShapefileUnit.pas">
				<Form>frmExportShapefile</Form>
			</DCCReference>
			<DCCReference Include="Modflow2005ImporterUnit.pas"/>
			<DCCReference Include="frmImportModflowUnit.pas">
				<Form>frmImportModflow</Form>
			</DCCReference>
			<DCCReference Include="framePackageLpfUnit.pas">
				<Form>framePackageLpf</Form>
				<DesignClass>TFrame</DesignClass>
			</DCCReference>
			<DCCReference Include="ContourUnit.pas"/>
			<DCCReference Include="ReadModflowArrayUnit.pas"/>
			<DCCReference Include="frmSelectResultToImportUnit.pas">
				<Form>frmSelectResultToImport</Form>
			</DCCReference>
			<DCCReference Include="frmUpdateDataSetsUnit.pas">
				<Form>frmUpdateDataSets</Form>
			</DCCReference>
			<DCCReference Include="frmScaleRotateMoveUnit.pas">
				<Form>frmScaleRotateMove</Form>
			</DCCReference>
			<DCCReference Include="frmModflowPackagesUnit.pas">
				<Form>frmModflowPackages</Form>
			</DCCReference>
			<DCCReference Include="frmModflowNameFileUnit.pas">
				<Form>frmModflowNameFile</Form>
			</DCCReference>
			<DCCReference Include="CustomExtendedDialogForm.pas"/>
			<DCCReference Include="frmRunModflowUnit.pas">
				<Form>frmRunModflow</Form>
			</DCCReference>
			<DCCReference Include="frmRunPhastUnit.pas">
				<Form>frmRunPhast</Form>
			</DCCReference>
			<DCCReference Include="frameIfaceUnit.pas">
				<Form>frameIface</Form>
				<DesignClass>TFrame</DesignClass>
			</DCCReference>
			<DCCReference Include="frmImportGriddedDataUnit.pas">
				<Form>frmImportGriddedData</Form>
			</DCCReference>
			<DCCReference Include="frameModpathSelectionUnit.pas">
				<Form>frameModpathSelection</Form>
				<DesignClass>TFrame</DesignClass>
			</DCCReference>
			<DCCReference Include="ModpathParticleUnit.pas"/>
			<DCCReference Include="frameModpathParticlesUnit.pas">
				<Form>frameModpathParticles</Form>
				<DesignClass>TFrame</DesignClass>
			</DCCReference>
			<DCCReference Include="ModpathStartingLocationsWriter.pas"/>
			<DCCReference Include="ModpathMainFileWriterUnit.pas"/>
			<DCCReference Include="ModpathTimeFileWriterUnit.pas"/>
			<DCCReference Include="ModpathResponseFileWriterUnit.pas"/>
			<DCCReference Include="ModpathNameFileWriterUnit.pas"/>
			<DCCReference Include="FluxObservationUnit.pas"/>
			<DCCReference Include="frmManageFluxObservationsUnit.pas">
				<Form>frmManageFluxObservations</Form>
			</DCCReference>
			<DCCReference Include="frameFluxObsUnit.pas">
				<Form>frameFluxObs</Form>
				<DesignClass>TFrame</DesignClass>
			</DCCReference>
			<DCCReference Include="frmCustomColorUnit.pas">
				<Form>frmCustomColor</Form>
			</DCCReference>
			<DCCReference Include="frmContourDataUnit.pas">
				<Form>frmContourData</Form>
			</DCCReference>
			<DCCReference Include="frmSpecifyContoursUnit.pas">
				<Form>frmSpecifyContours</Form>
			</DCCReference>
			<DCCReference Include="gpc.pas"/>
			<DCCReference Include="GPC_Classes.pas"/>
			<DCCReference Include="..\ModelMate\ModelMateClassesUnit.pas"/>
			<DCCReference Include="..\ModelMate\UcodeUnit.pas"/>
			<DCCReference Include="..\ModelMate\GlobalTypesUnit.pas"/>
			<DCCReference Include="..\ModelMate\JupiterUnit.pas"/>
			<DCCReference Include="..\ModelMate\DependentsUnit.pas"/>
			<DCCReference Include="..\ModelMate\Utilities.pas"/>
			<DCCReference Include="..\ModelMate\ModelMateUtilities.pas"/>
			<DCCReference Include="..\ModelMate\GlobalData.pas"/>
			<DCCReference Include="..\ModelMate\GlobalBasicData.pas"/>
			<DCCReference Include="..\ModelMate\PriorInfoUnit.pas"/>
			<DCCReference Include="CheckInternetUnit.pas"/>
			<DCCReference Include="ModflowGageUnit.pas"/>
			<DCCReference Include="frmTimeStepLengthCalculatorUnit.pas">
				<Form>frmTimeStepLengthCalculator</Form>
			</DCCReference>
			<DCCReference Include="frmWorldFileTypeUnit.pas">
				<Form>frmWorldFileType</Form>
			</DCCReference>
			<DCCReference Include="..\ModelMate\sskutils.pas"/>
			<DCCReference Include="FormulaManagerUnit.pas"/>
			<DCCReference Include="frmRunModpathUnit.pas">
				<Form>frmRunModpath</Form>
			</DCCReference>
			<DCCReference Include="frmHUF_LayersUnit.pas">
				<Form>frmHUF_Layers</Form>
			</DCCReference>
			<DCCReference Include="HufDefinition.pas"/>
			<DCCReference Include="framePackageHufUnit.pas">
				<Form>framePackageHuf</Form>
				<DesignClass>TFrame</DesignClass>
			</DCCReference>
			<DCCReference Include="frmBatchFileAdditionsUnit.pas">
				<Form>frmBatchFileAdditions</Form>
			</DCCReference>
			<DCCReference Include="frameBatchFileLinesUnit.pas">
				<Form>frameBatchFileLines</Form>
				<DesignClass>TFrame</DesignClass>
			</DCCReference>
			<DCCReference Include="ModflowHUF_WriterUnit.pas"/>
			<DCCReference Include="frmCustomSelectObjectsUnit.pas">
				<Form>frmCustomSelectObjects</Form>
			</DCCReference>
			<DCCReference Include="frmSelectObjectsForEditingUnit.pas">
				<Form>frmSelectObjectsForEditing</Form>
			</DCCReference>
			<DCCReference Include="ModflowKDEP_WriterUnit.pas"/>
			<DCCReference Include="ModflowLVDA_WriterUnit.pas"/>
			<DCCReference Include="frmDataSetValuesUnit.pas">
				<Form>frmDataSetValues</Form>
			</DCCReference>
			<DCCReference Include="ConvexHullUnit.pas"/>
			<DCCReference Include="frmExportShapefileObjectsUnit.pas">
				<Form>frmExportShapefileObjects</Form>
			</DCCReference>
			<DCCReference Include="frmDeleteImageUnit.pas">
				<Form>frmDeleteImage</Form>
			</DCCReference>
			<DCCReference Include="..\ModelMate\ParallelRunnerUnit.pas"/>
			<DCCReference Include="..\ModelMate\ParallelControlUnit.pas"/>
			<DCCReference Include="framePackageMnw2Unit.pas">
				<Form>framePackageMnw2</Form>
				<DesignClass>TFrame</DesignClass>
			</DCCReference>
			<DCCReference Include="frameScreenObjectMNW2Unit.pas">
				<Form>frameScreenObjectMNW2</Form>
				<DesignClass>TFrame</DesignClass>
			</DCCReference>
			<DCCReference Include="ModflowMnw2Unit.pas"/>
			<DCCReference Include="ModflowMNW2_WriterUnit.pas"/>
			<DCCReference Include="frameLocationMethodUnit.pas">
				<Form>frameLocationMethod</Form>
				<DesignClass>TFrame</DesignClass>
			</DCCReference>
			<DCCReference Include="PathlineReader.pas"/>
			<DCCReference Include="frmModpathDisplayUnit.pas">
				<Form>frmModpathDisplay</Form>
			</DCCReference>
			<DCCReference Include="frmPhastLocationUnit.pas">
				<Form>frmPhastLocation</Form>
			</DCCReference>
			<DCCReference Include="frmEndPointDisplayUnit.pas">
				<Form>frmEndPointDisplay</Form>
			</DCCReference>
			<DCCReference Include="frmTimeSeriesDisplayUnit.pas">
				<Form>frmTimeSeriesDisplay</Form>
			</DCCReference>
			<DCCReference Include="ModflowBCF_WriterUnit.pas"/>
			<DCCReference Include="ModflowSubsidenceDefUnit.pas"/>
			<DCCReference Include="frameSubBedsUnit.pas">
				<Form>frameSubBeds</Form>
				<DesignClass>TFrame</DesignClass>
			</DCCReference>
			<DCCReference Include="framePackageSubUnit.pas">
				<Form>framePackageSub</Form>
				<DesignClass>TFrame</DesignClass>
			</DCCReference>
			<DCCReference Include="ModflowSUB_Writer.pas"/>
			<DCCReference Include="UnitList.pas"/>
			<DCCReference Include="UnitCRC.pas"/>
			<DCCReference Include="SurferGridFileReaderUnit.pas"/>
			<DCCReference Include="frmImportSurferGrdFileUnitUnit.pas">
				<Form>frmImportSurferGrdFile</Form>
			</DCCReference>
			<DCCReference Include="frmCustomImportSimpleFileUnit.pas">
				<Form>frmCustomImportSimpleFile</Form>
			</DCCReference>
			<DCCReference Include="DemReaderUnit.pas"/>
			<DCCReference Include="frmImportDEMUnit.pas">
				<Form>frmImportDEM</Form>
			</DCCReference>
			<DCCReference Include="frameZoneBudgetUnit.pas">
				<Form>frameZoneBudget</Form>
				<DesignClass>TFrame</DesignClass>
			</DCCReference>
			<DCCReference Include="ZoneBudgetWriterUnit.pas"/>
			<DCCReference Include="frmRunZoneBudgetUnit.pas">
				<Form>frmRunZoneBudget</Form>
			</DCCReference>
			<DCCReference Include="frmPointValuesUnit.pas">
				<Form>frmPointValues</Form>
			</DCCReference>
			<DCCReference Include="frmExportImageUnit.pas">
				<Form>frmExportImage</Form>
			</DCCReference>
			<DCCReference Include="DisplaySettingsUnit.pas"/>
			<DCCReference Include="LegendUnit.pas"/>
			<DCCReference Include="InPlaceEditUnit.pas"/>
			<DCCReference Include="DrawTextUnit.pas"/>
			<DCCReference Include="frmManageSettingsUnit.pas">
				<Form>frmManageSettings</Form>
			</DCCReference>
			<DCCReference Include="framePackageSwtUnit.pas">
				<Form>framePackageSwt</Form>
				<DesignClass>TFrame</DesignClass>
			</DCCReference>
			<DCCReference Include="MODFLOW_SwtWriterUnit.pas"/>
			<DCCReference Include="framePkgHydmodUnit.pas">
				<Form>framePkgHydmod</Form>
				<DesignClass>TFrame</DesignClass>
			</DCCReference>
			<DCCReference Include="frameScreenObjectHydmodUnit.pas">
				<Form>frameScreenObjectHydmod</Form>
				<DesignClass>TFrame</DesignClass>
			</DCCReference>
			<DCCReference Include="ModflowHydmodUnit.pas"/>
			<DCCReference Include="ModflowHydmodWriterUnit.pas"/>
			<DCCReference Include="frmManageParametersUnit.pas">
				<Form>frmManageParameters</Form>
			</DCCReference>
			<DCCReference Include="frmManageHeadObservationsUnit.pas">
				<Form>frmManageHeadObservations</Form>
			</DCCReference>
			<DCCReference Include="frmRunModelMateUnit.pas">
				<Form>frmRunModelMate</Form>
			</DCCReference>
			<DCCReference Include="ContourExport.pas"/>
			<DCCReference Include="frmExportCSVUnit.pas">
				<Form>frmExportCSV</Form>
			</DCCReference>
			<DCCReference Include="frmNewVersionUnit.pas">
				<Form>frmNewVersion</Form>
			</DCCReference>
			<DCCReference Include="NatNeigh.pas"/>
			<DCCReference Include="Delaunay.pas"/>
			<DCCReference Include="frmChildModelsUnit.pas">
				<Form>frmChildModels</Form>
			</DCCReference>
			<DCCReference Include="AsciiRasterReaderUnit.pas"/>
			<DCCReference Include="frmImportAsciiRasterUnit.pas">
				<Form>frmImportAsciiRaster</Form>
			</DCCReference>
			<DCCReference Include="framePackageRCHUnit.pas">
				<Form>framePackageRCH</Form>
				<DesignClass>TFrame</DesignClass>
			</DCCReference>
			<DCCReference Include="ModflowLgr_WriterUnit.pas"/>
			<DCCReference Include="framePackageUpwUnit.pas">
				<Form>framePackageUpw</Form>
				<DesignClass>TFrame</DesignClass>
			</DCCReference>
			<DCCReference Include="framePackageNwtUnit.pas">
				<Form>framePackageNwt</Form>
				<DesignClass>TFrame</DesignClass>
			</DCCReference>
			<DCCReference Include="ModflowNWT_WriterUnit.pas"/>
			<DCCReference Include="ModflowUPW_WriterUnit.pas"/>
			<DCCReference Include="Pcx.pas"/>
			<DCCReference Include="frameScreenObjectUnit.pas">
				<Form>frameScreenObject</Form>
				<DesignClass>TFrame</DesignClass>
			</DCCReference>
			<DCCReference Include="ModflowHeadObsResults.pas"/>
			<DCCReference Include="frmHeadObservationResultsUnit.pas">
				<Form>frmHeadObservationResults</Form>
			</DCCReference>
			<None Include="ModelMuse.todo"/>
			<None Include="ModelSupport_ModelMuse\default.txaPackage"/>
			<None Include="ModelSupport_ModelMuse\SideLeakyZone\default.txaPackage"/>
			<None Include="ModelSupport_ModelMuse\WritePhastUnit\default.txaPackage"/>
			<None Include="ModelSupport_ModelMuse\frmSearchUnit\default.txaPackage"/>
			<None Include="ModelSupport_ModelMuse\CustomBoundaryZone\default.txaPackage"/>
			<None Include="ModelSupport_ModelMuse\SubscriptionUnit\default.txaPackage"/>
			<None Include="ModelSupport_ModelMuse\CompressedImageUnit\default.txaPackage"/>
			<None Include="ModelSupport_ModelMuse\PhastGridUnit\default.txaPackage"/>
			<None Include="ModelSupport_ModelMuse\frmGridSpacingUnit\default.txaPackage"/>
			<None Include="ModelSupport_ModelMuse\frame3DViewUnit\default.txaPackage"/>
			<None Include="ModelSupport_ModelMuse\frmImportDistributedDataUnit\default.txaPackage"/>
			<None Include="ModelSupport_ModelMuse\TopLeakyZone\default.txaPackage"/>
			<None Include="ModelSupport_ModelMuse\frmSelectedObjectsUnit\default.txaPackage"/>
			<None Include="ModelSupport_ModelMuse\CoordinateConversionUnit\default.txaPackage"/>
			<None Include="ModelSupport_ModelMuse\ScreenObjectUnit\default.txaPackage"/>
			<None Include="ModelSupport_ModelMuse\GoPhast\default.txaPackage"/>
			<None Include="ModelSupport_ModelMuse\frameDisplayLimitUnit\default.txaPackage"/>
			<None Include="ModelSupport_ModelMuse\frmSteadyFlowUnit\default.txaPackage"/>
			<None Include="ModelSupport_ModelMuse\frmSelectColRowLayerUnit\default.txaPackage"/>
			<None Include="ModelSupport_ModelMuse\frmChemistryOptionsUnit\default.txaPackage"/>
			<None Include="ModelSupport_ModelMuse\PrintChemistryXYZ_Zone\default.txaPackage"/>
			<None Include="ModelSupport_ModelMuse\frmShowHideBitmapsUnit\default.txaPackage"/>
			<None Include="ModelSupport_ModelMuse\ObserverIntfU\default.txaPackage"/>
			<None Include="ModelSupport_ModelMuse\framePhastInterpolationUnit\default.txaPackage"/>
			<None Include="ModelSupport_ModelMuse\frmImportDXFUnit\default.txaPackage"/>
			<None Include="ModelSupport_ModelMuse\SpecifiedFluxSideZone\default.txaPackage"/>
			<None Include="ModelSupport_ModelMuse\frmRearrangeObjectsUnit\default.txaPackage"/>
			<None Include="ModelSupport_ModelMuse\frmImportShapefileUnit\default.txaPackage"/>
			<None Include="ModelSupport_ModelMuse\LinRegression\default.txaPackage"/>
			<None Include="ModelSupport_ModelMuse\frmSetSpacingUnit\default.txaPackage"/>
			<None Include="ModelSupport_ModelMuse\frmFormulaUnit\default.txaPackage"/>
			<None Include="ModelSupport_ModelMuse\frmPhastGridOptionsUnit\default.txaPackage"/>
			<None Include="ModelSupport_ModelMuse\MediaZone\default.txaPackage"/>
			<None Include="ModelSupport_ModelMuse\TimeUnit\default.txaPackage"/>
			<None Include="ModelSupport_ModelMuse\IntListUnit\default.txaPackage"/>
			<None Include="ModelSupport_ModelMuse\ObserverU\default.txaPackage"/>
			<None Include="ModelSupport_ModelMuse\ObserverListU\default.txaPackage"/>
			<None Include="ModelSupport_ModelMuse\DXF_Structs\default.txaPackage"/>
			<None Include="ModelSupport_ModelMuse\rwXMLConv\default.txaPackage"/>
			<None Include="ModelSupport_ModelMuse\frmFormulaErrorsUnit\default.txaPackage"/>
			<None Include="ModelSupport_ModelMuse\frmProgressUnit\default.txaPackage"/>
			<None Include="ModelSupport_ModelMuse\PrintChemistryZone\default.txaPackage"/>
			<None Include="ModelSupport_ModelMuse\WriteRiverUnit\default.txaPackage"/>
			<None Include="ModelSupport_ModelMuse\frmVerticalExaggerationUnit\default.txaPackage"/>
			<None Include="ModelSupport_ModelMuse\frmGenerateGridUnit\default.txaPackage"/>
			<None Include="ModelSupport_ModelMuse\frmRulerOptionsUnit\default.txaPackage"/>
			<None Include="ModelSupport_ModelMuse\frmCustomGoPhastUnit\default.txaPackage"/>
			<None Include="ModelSupport_ModelMuse\framePrintFrequencyUnit\default.txaPackage"/>
			<None Include="ModelSupport_ModelMuse\frmGridColorUnit\default.txaPackage"/>
			<None Include="ModelSupport_ModelMuse\frmPixelPointUnit\default.txaPackage"/>
			<None Include="ModelSupport_ModelMuse\ObserverProxyU\default.txaPackage"/>
			<None Include="ModelSupport_ModelMuse\frmPrintFrequencyUnit\default.txaPackage"/>
			<None Include="ModelSupport_ModelMuse\DXF_write\default.txaPackage"/>
			<None Include="ModelSupport_ModelMuse\frmFreeSurfaceUnit\default.txaPackage"/>
			<None Include="ModelSupport_ModelMuse\FastMM4\default.txaPackage"/>
			<None Include="ModelSupport_ModelMuse\InitialChemistryZone\default.txaPackage"/>
			<None Include="ModelSupport_ModelMuse\GIS_Functions\default.txaPackage"/>
			<None Include="ModelSupport_ModelMuse\UndoItems\default.txaPackage"/>
			<None Include="ModelSupport_ModelMuse\frmSmoothGridUnit\default.txaPackage"/>
			<None Include="ModelSupport_ModelMuse\PhastDataSets\default.txaPackage"/>
			<None Include="ModelSupport_ModelMuse\frmAboutUnit\default.txaPackage"/>
			<None Include="ModelSupport_ModelMuse\ColRowLayerChangeUnit\default.txaPackage"/>
			<None Include="ModelSupport_ModelMuse\CustomLeakyZone\default.txaPackage"/>
			<None Include="ModelSupport_ModelMuse\DXF_Utils\default.txaPackage"/>
			<None Include="ModelSupport_ModelMuse\InteractiveTools\default.txaPackage"/>
			<None Include="ModelSupport_ModelMuse\frmColorsUnit\default.txaPackage"/>
			<None Include="ModelSupport_ModelMuse\arcball\default.txaPackage"/>
			<None Include="ModelSupport_ModelMuse\InterpolationUnit\default.txaPackage"/>
			<None Include="ModelSupport_ModelMuse\ColorSchemes\default.txaPackage"/>
			<None Include="ModelSupport_ModelMuse\frameViewUnit\default.txaPackage"/>
			<None Include="ModelSupport_ModelMuse\frmStartUpUnit\default.txaPackage"/>
			<None Include="ModelSupport_ModelMuse\frmSelectObjectsUnit\default.txaPackage"/>
			<None Include="ModelSupport_ModelMuse\Utilities\default.txaPackage"/>
			<None Include="ModelSupport_ModelMuse\frmSolutionMethodUnit\default.txaPackage"/>
			<None Include="ModelSupport_ModelMuse\RbwInternetUtilities\default.txaPackage"/>
			<None Include="ModelSupport_ModelMuse\frmSubdivideUnit\default.txaPackage"/>
			<None Include="ModelSupport_ModelMuse\frmHintDelayUnit\default.txaPackage"/>
			<None Include="ModelSupport_ModelMuse\frmGoPhastUnit\default.txaPackage"/>
			<None Include="ModelSupport_ModelMuse\GridGeneration\default.txaPackage"/>
			<None Include="ModelSupport_ModelMuse\frmImportPointsUnits\default.txaPackage"/>
			<None Include="ModelSupport_ModelMuse\frmTimeControlUnit\default.txaPackage"/>
			<None Include="ModelSupport_ModelMuse\frmScreenObjectPropertiesUnit\default.txaPackage"/>
			<None Include="ModelSupport_ModelMuse\CursorsFoiledAgain\default.txaPackage"/>
			<None Include="ModelSupport_ModelMuse\WriteWellUnit\default.txaPackage"/>
			<None Include="ModelSupport_ModelMuse\AbstractGridUnit\default.txaPackage"/>
			<None Include="ModelSupport_ModelMuse\SelectUnit\default.txaPackage"/>
			<None Include="ModelSupport_ModelMuse\DXF_read\default.txaPackage"/>
			<None Include="ModelSupport_ModelMuse\BigCanvasMethods\default.txaPackage"/>
			<None Include="ModelSupport_ModelMuse\frmConvertChoiceUnit\default.txaPackage"/>
			<None Include="ModelSupport_ModelMuse\ActiveZone\default.txaPackage"/>
			<None Include="ModelSupport_ModelMuse\frmShowHideObjectsUnit\default.txaPackage"/>
			<None Include="ModelSupport_ModelMuse\FrontLeakyZone\default.txaPackage"/>
			<None Include="ModelSupport_ModelMuse\frmDataSetsUnits\default.txaPackage"/>
			<None Include="ModelSupport_ModelMuse\RealListUnit\default.txaPackage"/>
			<None Include="ModelSupport_ModelMuse\UndoItemsScreenObjects\default.txaPackage"/>
			<None Include="ModelSupport_ModelMuse\AbstractTypedList\default.txaPackage"/>
			<None Include="ModelSupport_ModelMuse\InitialHeadZone\default.txaPackage"/>
			<None Include="ModelSupport_ModelMuse\frmGridAngleUnit\default.txaPackage"/>
			<None Include="ModelSupport_ModelMuse\SparseArrayUnit\default.txaPackage"/>
			<None Include="ModelSupport_ModelMuse\frmUnitsUnit\default.txaPackage"/>
			<None Include="ModelSupport_ModelMuse\PrintFrequency\default.txaPackage"/>
			<None Include="ModelSupport_ModelMuse\DataSetUnit\default.txaPackage"/>
			<None Include="ModelSupport_ModelMuse\SpecifiedFluxFrontZone\default.txaPackage"/>
			<None Include="ModelSupport_ModelMuse\ZoneUnit\default.txaPackage"/>
			<None Include="ModelSupport_ModelMuse\SparseDataSets\default.txaPackage"/>
			<None Include="ModelSupport_ModelMuse\frmImportBitmapUnit\default.txaPackage"/>
			<None Include="ModelSupport_ModelMuse\SpecifiedHeadZone\default.txaPackage"/>
			<None Include="ModelSupport_ModelMuse\frmSelectImageUnit\default.txaPackage"/>
			<None Include="ModelSupport_ModelMuse\GoPhastTypes\default.txaPackage"/>
			<None Include="ModelSupport_ModelMuse\rwXMLParser\default.txaPackage"/>
			<None Include="ModelSupport_ModelMuse\SpecifiedFluxTopZone\default.txaPackage"/>
			<None Include="ModelSupport_ModelMuse\frmPrintInitialUnit\default.txaPackage"/>
			<None Include="ModelSupport_ModelMuse\frameRulerOptionsUnit\default.txaPackage"/>
			<None Include="ModelSupport_ModelMuse\Undo\default.txaPackage"/>
			<None Include="ModelSupport_ModelMuse\default.txvpck"/>
			<None Include="ModelSupport_ModelMuse\frmCustomGoPhastUnit\default.txvpck"/>
			<None Include="ModelSupport_ModelMuse\GoPhast\default.txvpck"/>
			<None Include="ModelSupport_ModelMuse\frmGoPhastUnit\default.txvpck"/>
			<None Include="ModelSupport_ModelMuse\frmDataSetsUnits\default.txvpck"/>
			<None Include="ModelSupport_ModelMuse\ModflowGridUnit\default.txaPackage"/>
			<None Include="ModelSupport_ModelMuse\frmUndoUnit\default.txaPackage"/>
			<None Include="ModelSupport_ModelMuse\InterpolationUnit\default.txvpck"/>
			<None Include="ModelSupport_ModelMuse\InteractiveTools\default.txvpck"/>
			<None Include="ModelSupport_ModelMuse\ScreenObjectUnit\default.txvpck"/>
			<None Include="ModelSupport_ModelMuse\frameInitialGridPositionUnit\default.txaPackage"/>
			<None Include="ModelSupport_ModelMuse\PhastModelUnit\default.txaPackage"/>
			<None Include="ModelSupport_ModelMuse\ModflowGridUnit\default.txvpck"/>
			<None Include="ModelSupport_ModelMuse\DataSetUnit\default.txvpck"/>
			<None Include="ModelSupport_ModelMuse\PhastModelUnit\default.txvpck"/>
			<None Include="ModelSupport_ModelMuse\GuiSettingsUnit\default.txaPackage"/>
			<None Include="ModelSupport_ModelMuse\GuiSettingsUnit\default.txvpck"/>
			<None Include="ModelSupport_ModelMuse\ElevationStorageUnit\default.txaPackage"/>
			<None Include="ModelSupport_ModelMuse\FastGEO\default.txaPackage"/>
			<None Include="ModelSupport_ModelMuse\frmModflowOptionsUnit\default.txaPackage"/>
			<None Include="ModelSupport_ModelMuse\ElevationStorageUnit\default.txvpck"/>
			<None Include="ModelSupport_ModelMuse\ObserverIntfU\default.txvpck"/>
			<None Include="ModelSupport_ModelMuse\MediaZone\default.txvpck"/>
			<None Include="ModelSupport_ModelMuse\LinRegression\default.txvpck"/>
			<None Include="ModelSupport_ModelMuse\IntListUnit\default.txvpck"/>
			<None Include="ModelSupport_ModelMuse\InitialHeadZone\default.txvpck"/>
			<None Include="ModelSupport_ModelMuse\InitialChemistryZone\default.txvpck"/>
			<None Include="ModelSupport_ModelMuse\GridGeneration\default.txvpck"/>
			<None Include="ModelSupport_ModelMuse\GoPhastTypes\default.txvpck"/>
			<None Include="ModelSupport_ModelMuse\GIS_Functions\default.txvpck"/>
			<None Include="ModelSupport_ModelMuse\FrontLeakyZone\default.txvpck"/>
			<None Include="ModelSupport_ModelMuse\frmVerticalExaggerationUnit\default.txvpck"/>
			<None Include="ModelSupport_ModelMuse\frmUnitsUnit\default.txvpck"/>
			<None Include="ModelSupport_ModelMuse\frmUndoUnit\default.txvpck"/>
			<None Include="ModelSupport_ModelMuse\frmModflowTimeUnit\default.txaPackage"/>
			<None Include="ModelSupport_ModelMuse\ModflowDiscretizationWriterUnit\default.txaPackage"/>
			<None Include="ModelSupport_ModelMuse\OrderedCollectionUnit\default.txaPackage"/>
			<None Include="ModelSupport_ModelMuse\LayerStructureUnit\default.txaPackage"/>
			<None Include="ModelSupport_ModelMuse\frmModflowOutputControlUnit\default.txaPackage"/>
			<None Include="ModelSupport_ModelMuse\ModflowParameterUnit\default.txaPackage"/>
			<None Include="ModelSupport_ModelMuse\ModflowTimeUnit\default.txaPackage"/>
			<None Include="ModelSupport_ModelMuse\frmGoToUnit\default.txaPackage"/>
			<None Include="ModelSupport_ModelMuse\frmLayersUnit\default.txaPackage"/>
			<None Include="ModelSupport_ModelMuse\ModflowOutputControlUnit\default.txaPackage"/>
			<None Include="ModelSupport_ModelMuse\ModflowOptionsUnit\default.txaPackage"/>
			<None Include="ModelSupport_ModelMuse\CustomModflowWriterUnit\default.txaPackage"/>
			<None Include="ModelSupport_ModelMuse\frmErrorsAndWarningsUnit\default.txaPackage"/>
			<None Include="ModelSupport_ModelMuse\ModflowBasicWriterUnit\default.txaPackage"/>
			<None Include="ModelSupport_ModelMuse\LayerStructureUnit\default.txvpck"/>
			<None Include="ModelSupport_ModelMuse\OrderedCollectionUnit\default.txvpck"/>
			<None Include="ModelSupport_ModelMuse\ModflowTimeUnit\default.txvpck"/>
			<None Include="ModelSupport_ModelMuse\frmModflowOutputControlUnit\default.txvpck"/>
			<None Include="ModelSupport_ModelMuse\frmLayersUnit\default.txvpck"/>
			<None Include="ModelSupport_ModelMuse\frmModflowTimeUnit\default.txvpck"/>
			<None Include="ModelSupport_ModelMuse\frmModflowOptionsUnit\default.txvpck"/>
			<None Include="ModelSupport_ModelMuse\CountObjectsUnit\default.txaPackage"/>
			<None Include="ModelSupport_ModelMuse\ModflowUnitNumbers\default.txaPackage"/>
			<None Include="ModelSupport_ModelMuse\frameScreenObjectParamUnit\default.txaPackage"/>
			<None Include="ModelSupport_ModelMuse\ModflowTransientListParameterUnit\default.txaPackage"/>
			<None Include="ModelSupport_ModelMuse\ModflowConstantHeadBoundaryUnit\default.txaPackage"/>
			<None Include="ModelSupport_ModelMuse\ModflowLPF_WriterUnit\default.txaPackage"/>
			<None Include="ModelSupport_ModelMuse\ModflowMultiplierZoneWriterUnit\default.txaPackage"/>
			<None Include="ModelSupport_ModelMuse\ModflowConstantHeadBoundaryUnit\default.txvpck"/>
			<None Include="ModelSupport_ModelMuse\ModflowPackagesUnit\default.txaPackage"/>
			<None Include="ModelSupport_ModelMuse\ModflowRivUnit\default.txaPackage"/>
			<None Include="ModelSupport_ModelMuse\ModflowPackageSelectionUnit\default.txaPackage"/>
			<None Include="ModelSupport_ModelMuse\ModflowGhbUnit\default.txaPackage"/>
			<None Include="ModelSupport_ModelMuse\ModflowDRT_WriterUnit\default.txaPackage"/>
			<None Include="ModelSupport_ModelMuse\ModflowDRN_WriterUnit\default.txaPackage"/>
			<None Include="ModelSupport_ModelMuse\TripackProcedures\default.txaPackage"/>
			<None Include="ModelSupport_ModelMuse\ModflowRiverWriterUnit\default.txaPackage"/>
			<None Include="ModelSupport_ModelMuse\framePackageUnit\default.txaPackage"/>
			<None Include="ModelSupport_ModelMuse\SfrProcedures\default.txaPackage"/>
			<None Include="ModelSupport_ModelMuse\ModflowPCG_WriterUnit\default.txaPackage"/>
			<None Include="ModelSupport_ModelMuse\ModflowGHB_WriterUnit\default.txaPackage"/>
			<None Include="ModelSupport_ModelMuse\ModflowWellUnit\default.txaPackage"/>
			<None Include="ModelSupport_ModelMuse\ModflowCHD_WriterUnit\default.txaPackage"/>
			<None Include="ModelSupport_ModelMuse\frmGridValueUnit\default.txaPackage"/>
			<None Include="ModelSupport_ModelMuse\frmProgramLocationsUnit\default.txaPackage"/>
			<None Include="ModelSupport_ModelMuse\frameScreenObjectCondParamUnit\default.txaPackage"/>
			<None Include="ModelSupport_ModelMuse\ModflowDrtUnit\default.txaPackage"/>
			<None Include="ModelSupport_ModelMuse\frmModflowPackagesUnit\default.txaPackage"/>
			<None Include="ModelSupport_ModelMuse\ModflowWellWriterUnit\default.txaPackage"/>
			<None Include="ModelSupport_ModelMuse\framePcgUnit\default.txaPackage"/>
			<None Include="ModelSupport_ModelMuse\frameListParameterDefinitionUnit\default.txaPackage"/>
			<None Include="ModelSupport_ModelMuse\ModflowRCH_WriterUnit\default.txaPackage"/>
			<None Include="ModelSupport_ModelMuse\ModflowBoundaryUnit\default.txaPackage"/>
			<None Include="ModelSupport_ModelMuse\ModflowRchUnit\default.txaPackage"/>
			<None Include="ModelSupport_ModelMuse\TripackTypes\default.txaPackage"/>
			<None Include="ModelSupport_ModelMuse\ModflowCellUnit\default.txaPackage"/>
			<None Include="ModelSupport_ModelMuse\frameArrayParameterDefinitionUnit\default.txaPackage"/>
			<None Include="ModelSupport_ModelMuse\SfrInterpolatorUnit\default.txaPackage"/>
			<None Include="ModelSupport_ModelMuse\ModflowDrnUnit\default.txaPackage"/>
			<None Include="ModelSupport_ModelMuse\ModflowBoundaryUnit\default.txvpck"/>
			<None Include="ModelSupport_ModelMuse\framePackageUZFUnit\default.txaPackage"/>
			<None Include="ModelSupport_ModelMuse\frameDe4Unit\default.txaPackage"/>
			<None Include="ModelSupport_ModelMuse\ModflowBoundaryDisplayUnit\default.txaPackage"/>
			<None Include="ModelSupport_ModelMuse\FastMove\default.txaPackage"/>
			<None Include="ModelSupport_ModelMuse\Modflow2005ImporterUnit\default.txaPackage"/>
			<None Include="ModelSupport_ModelMuse\CustomExtendedDialogForm\default.txaPackage"/>
			<None Include="ModelSupport_ModelMuse\frameEtsPackageUnit\default.txaPackage"/>
			<None Include="ModelSupport_ModelMuse\ModflowEvtUnit\default.txaPackage"/>
			<None Include="ModelSupport_ModelMuse\ModflowUzfUnit\default.txaPackage"/>
			<None Include="ModelSupport_ModelMuse\ModflowRES_WriterUnit\default.txaPackage"/>
			<None Include="ModelSupport_ModelMuse\ModflowSIP_WriterUnit\default.txaPackage"/>
			<None Include="ModelSupport_ModelMuse\ModflowSfrEquationUnit\default.txaPackage"/>
			<None Include="ModelSupport_ModelMuse\frmImportModflowUnit\default.txaPackage"/>
			<None Include="ModelSupport_ModelMuse\framePackageLayerChoiceUnit\default.txaPackage"/>
			<None Include="ModelSupport_ModelMuse\ValueArrayStorageUnit\default.txaPackage"/>
			<None Include="ModelSupport_ModelMuse\ModflowGMG_WriterUnit\default.txaPackage"/>
			<None Include="ModelSupport_ModelMuse\frmUpdateDataSetsUnit\default.txaPackage"/>
			<None Include="ModelSupport_ModelMuse\ModflowHOB_WriterUnit\default.txaPackage"/>
			<None Include="ModelSupport_ModelMuse\ModflowSfrTable\default.txaPackage"/>
			<None Include="ModelSupport_ModelMuse\EdgeDisplayUnit\default.txaPackage"/>
			<None Include="ModelSupport_ModelMuse\frmModflowNameFileUnit\default.txaPackage"/>
			<None Include="ModelSupport_ModelMuse\ReadModflowArrayUnit\default.txaPackage"/>
			<None Include="ModelSupport_ModelMuse\ModflowSfrChannelUnit\default.txaPackage"/>
			<None Include="ModelSupport_ModelMuse\ModflowSfrUnit\default.txaPackage"/>
			<None Include="ModelSupport_ModelMuse\framePackageLAK_Unit\default.txaPackage"/>
			<None Include="ModelSupport_ModelMuse\frmFilesToArchiveUnit\default.txaPackage"/>
			<None Include="ModelSupport_ModelMuse\framePackageLpfUnit\default.txaPackage"/>
			<None Include="ModelSupport_ModelMuse\frmSelectResultToImportUnit\default.txaPackage"/>
			<None Include="ModelSupport_ModelMuse\frameHeadObservationsUnit\default.txaPackage"/>
			<None Include="ModelSupport_ModelMuse\ModflowDE4_WriterUnit\default.txaPackage"/>
			<None Include="ModelSupport_ModelMuse\ModflowSfrWriterUnit\default.txaPackage"/>
			<None Include="ModelSupport_ModelMuse\frameIfaceUnit\default.txaPackage"/>
			<None Include="ModelSupport_ModelMuse\frameScreenObjectLAK_Unit\default.txaPackage"/>
			<None Include="ModelSupport_ModelMuse\ModflowEVT_WriterUnit\default.txaPackage"/>
			<None Include="ModelSupport_ModelMuse\frameFlowTableUnit\default.txaPackage"/>
			<None Include="ModelSupport_ModelMuse\framePackageResUnit\default.txaPackage"/>
			<None Include="ModelSupport_ModelMuse\TempFiles\default.txaPackage"/>
			<None Include="ModelSupport_ModelMuse\ModflowHfbDisplayUnit\default.txaPackage"/>
			<None Include="ModelSupport_ModelMuse\ModelMuse\default.txaPackage"/>
			<None Include="ModelSupport_ModelMuse\ModflowUzfWriterUnit\default.txaPackage"/>
			<None Include="ModelSupport_ModelMuse\framePackageHobUnit\default.txaPackage"/>
			<None Include="ModelSupport_ModelMuse\ModflowSfrUnsatSegment\default.txaPackage"/>
			<None Include="ModelSupport_ModelMuse\frmLinkStreamsUnit\default.txaPackage"/>
			<None Include="ModelSupport_ModelMuse\frameGmgUnit\default.txaPackage"/>
			<None Include="ModelSupport_ModelMuse\frameCrossSectionUnit\default.txaPackage"/>
			<None Include="ModelSupport_ModelMuse\ModflowHobUnit\default.txaPackage"/>
			<None Include="ModelSupport_ModelMuse\frmRunPhastUnit\default.txaPackage"/>
			<None Include="ModelSupport_ModelMuse\frameOutputControlUnit\default.txaPackage"/>
			<None Include="ModelSupport_ModelMuse\frmRunModflowUnit\default.txaPackage"/>
			<None Include="ModelSupport_ModelMuse\frameHfbScreenObjectUnit\default.txaPackage"/>
			<None Include="ModelSupport_ModelMuse\ModflowEtsUnit\default.txaPackage"/>
			<None Include="ModelSupport_ModelMuse\FastSys\default.txaPackage"/>
			<None Include="ModelSupport_ModelMuse\Fastcode\default.txaPackage"/>
			<None Include="ModelSupport_ModelMuse\ModflowLakUnit\default.txaPackage"/>
			<None Include="ModelSupport_ModelMuse\LookUpTable\default.txaPackage"/>
			<None Include="ModelSupport_ModelMuse\framePackageTransientLayerChoiceUnit\default.txaPackage"/>
			<None Include="ModelSupport_ModelMuse\frameSipUnit\default.txaPackage"/>
			<None Include="ModelSupport_ModelMuse\frmExportShapefileUnit\default.txaPackage"/>
			<None Include="ModelSupport_ModelMuse\ContourUnit\default.txaPackage"/>
			<None Include="ModelSupport_ModelMuse\ClassificationUnit\default.txaPackage"/>
			<None Include="ModelSupport_ModelMuse\frameSfrParamInstancesUnit\default.txaPackage"/>
			<None Include="ModelSupport_ModelMuse\ModflowSfrFlows\default.txaPackage"/>
			<None Include="ModelSupport_ModelMuse\ModflowSfrReachUnit\default.txaPackage"/>
			<None Include="ModelSupport_ModelMuse\ShapefileUnit\default.txaPackage"/>
			<None Include="ModelSupport_ModelMuse\RtlVclOptimize\default.txaPackage"/>
			<None Include="ModelSupport_ModelMuse\frameScreenObjectSFR_Unit\default.txaPackage"/>
			<None Include="ModelSupport_ModelMuse\frmSaveArchiveUnit\default.txaPackage"/>
			<None Include="ModelSupport_ModelMuse\ModflowLAK_Writer\default.txaPackage"/>
			<None Include="ModelSupport_ModelMuse\ModflowHfbUnit\default.txaPackage"/>
			<None Include="ModelSupport_ModelMuse\ModflowGAG_WriterUnit\default.txaPackage"/>
			<None Include="ModelSupport_ModelMuse\RequiredDataSetsUndoUnit\default.txaPackage"/>
			<None Include="ModelSupport_ModelMuse\ModflowETS_WriterUnit\default.txaPackage"/>
			<None Include="ModelSupport_ModelMuse\frmScaleRotateMoveUnit\default.txaPackage"/>
			<None Include="ModelSupport_ModelMuse\ModflowHFB_WriterUnit\default.txaPackage"/>
			<None Include="ModelSupport_ModelMuse\ModflowSfrSegment\default.txaPackage"/>
			<None Include="ModelSupport_ModelMuse\ModflowOC_Writer\default.txaPackage"/>
			<None Include="ModelSupport_ModelMuse\GlobalVariablesUnit\default.txaPackage"/>
			<None Include="ModelSupport_ModelMuse\IsosurfaceUnit\default.txaPackage"/>
			<None Include="ModelSupport_ModelMuse\FastObj\default.txaPackage"/>
			<None Include="ModelSupport_ModelMuse\frameScreenObjectNoParamUnit\default.txaPackage"/>
			<None Include="ModelSupport_ModelMuse\ModflowResUnit\default.txaPackage"/>
			<None Include="ModelSupport_ModelMuse\IniFileUtilities\default.txaPackage"/>
			<None Include="ModelSupport_ModelMuse\IntervalTree\default.txaPackage"/>
			<None Include="ModelSupport_ModelMuse\frmGlobalVariablesUnit\default.txaPackage"/>
			<None Include="ModelSupport_ModelMuse\framePackageSFRUnit\default.txaPackage"/>
			<None Include="ModelSupport_ModelMuse\ModflowSfrParamIcalcUnit\default.txaPackage"/>
			<None Include="ModelSupport_ModelMuse\PatchLib\default.txaPackage"/>
			<None Include="ModelSupport_ModelMuse\frmShowHideObjectsUnit\default.txvpck"/>
			<None Include="ModelSupport_ModelMuse\ModelMuse\default.txvpck"/>
			<None Include="ModelSupport_ModelMuse\frameFluxObsUnit\default.txaPackage"/>
			<None Include="ModelSupport_ModelMuse\frmContourDataUnit\default.txaPackage"/>
			<None Include="ModelSupport_ModelMuse\ModpathNameFileWriterUnit\default.txaPackage"/>
			<None Include="ModelSupport_ModelMuse\frmSpecifyContoursUnit\default.txaPackage"/>
			<None Include="ModelSupport_ModelMuse\frmManageFluxObservationsUnit\default.txaPackage"/>
			<None Include="ModelSupport_ModelMuse\ModpathParticleUnit\default.txaPackage"/>
			<None Include="ModelSupport_ModelMuse\GPC_Classes\default.txaPackage"/>
			<None Include="ModelSupport_ModelMuse\ModpathStartingLocationsWriter\default.txaPackage"/>
			<None Include="ModelSupport_ModelMuse\ModpathResponseFileWriterUnit\default.txaPackage"/>
			<None Include="ModelSupport_ModelMuse\frameModpathSelectionUnit\default.txaPackage"/>
			<None Include="ModelSupport_ModelMuse\ModpathMainFileWriterUnit\default.txaPackage"/>
			<None Include="ModelSupport_ModelMuse\gpc\default.txaPackage"/>
			<None Include="ModelSupport_ModelMuse\FluxObservationUnit\default.txaPackage"/>
			<None Include="ModelSupport_ModelMuse\frmImportGriddedDataUnit\default.txaPackage"/>
			<None Include="ModelSupport_ModelMuse\frmCustomColorUnit\default.txaPackage"/>
			<None Include="ModelSupport_ModelMuse\ModpathTimeFileWriterUnit\default.txaPackage"/>
			<None Include="ModelSupport_ModelMuse\frameModpathParticlesUnit\default.txaPackage"/>
			<None Include="ModelSupport_ModelMuse\RtlVclOptimize\default.txvpck"/>
			<None Include="ModelSupport_ModelMuse\PatchLib\default.txvpck"/>
			<None Include="ModelSupport_ModelMuse\Fastcode\default.txvpck"/>
			<None Include="ModelSupport_ModelMuse\FastObj\default.txvpck"/>
			<None Include="ModelSupport_ModelMuse\FastMM4\default.txvpck"/>
			<None Include="ModelSupport_ModelMuse\FastMove\default.txvpck"/>
			<None Include="ModelSupport_ModelMuse\FastSys\default.txvpck"/>
			<None Include="ModelSupport_ModelMuse\frmGridValueUnit\default.txvpck"/>
			<None Include="ModelSupport_ModelMuse\RbwInternetUtilities\default.txvpck"/>
			<None Include="ModelSupport_ModelMuse\ModflowRES_WriterUnit\default.txvpck"/>
			<None Include="ModelSupport_ModelMuse\ModflowUzfUnit\default.txvpck"/>
			<None Include="ModelSupport_ModelMuse\frmGridColorUnit\default.txvpck"/>
			<None Include="ModelSupport_ModelMuse\frmModflowPackagesUnit\default.txvpck"/>
			<None Include="ModelSupport_ModelMuse\IntervalTree\default.txvpck"/>
			<None Include="ModelSupport_ModelMuse\frameModpathSelectionUnit\default.txvpck"/>
			<None Include="ModelSupport_ModelMuse\framePhastInterpolationUnit\default.txvpck"/>
			<None Include="ModelSupport_ModelMuse\CustomModflowWriterUnit\default.txvpck"/>
			<None Include="ModelSupport_ModelMuse\framePackageHobUnit\default.txvpck"/>
			<None Include="ModelSupport_ModelMuse\frameEtsPackageUnit\default.txvpck"/>
			<None Include="ModelSupport_ModelMuse\frameSipUnit\default.txvpck"/>
			<None Include="ModelSupport_ModelMuse\ColorSchemes\default.txvpck"/>
			<None Include="ModelSupport_ModelMuse\frmSelectedObjectsUnit\default.txvpck"/>
			<None Include="ModelSupport_ModelMuse\frmManageFluxObservationsUnit\default.txvpck"/>
			<None Include="ModelSupport_ModelMuse\Modflow2005ImporterUnit\default.txvpck"/>
			<None Include="ModelSupport_ModelMuse\frmSelectObjectsUnit\default.txvpck"/>
			<None Include="ModelSupport_ModelMuse\frameOutputControlUnit\default.txvpck"/>
			<None Include="ModelSupport_ModelMuse\framePackageLAK_Unit\default.txvpck"/>
			<None Include="ModelSupport_ModelMuse\ModflowRCH_WriterUnit\default.txvpck"/>
			<None Include="ModelSupport_ModelMuse\frameArrayParameterDefinitionUnit\default.txvpck"/>
			<None Include="ModelSupport_ModelMuse\frmSelectResultToImportUnit\default.txvpck"/>
			<None Include="ModelSupport_ModelMuse\frmProgramLocationsUnit\default.txvpck"/>
			<None Include="ModelSupport_ModelMuse\frmProgressUnit\default.txvpck"/>
			<None Include="ModelSupport_ModelMuse\ModflowSfrUnit\default.txvpck"/>
			<None Include="ModelSupport_ModelMuse\GPC_Classes\default.txvpck"/>
			<None Include="ModelSupport_ModelMuse\ModflowResUnit\default.txvpck"/>
			<None Include="ModelSupport_ModelMuse\ModflowWellUnit\default.txvpck"/>
			<None Include="ModelSupport_ModelMuse\ModflowMultiplierZoneWriterUnit\default.txvpck"/>
			<None Include="ModelSupport_ModelMuse\ObserverProxyU\default.txvpck"/>
			<None Include="ModelSupport_ModelMuse\ModpathTimeFileWriterUnit\default.txvpck"/>
			<None Include="ModelSupport_ModelMuse\TripackTypes\default.txvpck"/>
			<None Include="ModelSupport_ModelMuse\frameListParameterDefinitionUnit\default.txvpck"/>
			<None Include="ModelSupport_ModelMuse\frmSubdivideUnit\default.txvpck"/>
			<None Include="ModelSupport_ModelMuse\ModflowRchUnit\default.txvpck"/>
			<None Include="ModelSupport_ModelMuse\frmScaleRotateMoveUnit\default.txvpck"/>
			<None Include="ModelSupport_ModelMuse\CursorsFoiledAgain\default.txvpck"/>
			<None Include="ModelSupport_ModelMuse\CountObjectsUnit\default.txvpck"/>
			<None Include="ModelSupport_ModelMuse\ValueArrayStorageUnit\default.txvpck"/>
			<None Include="ModelSupport_ModelMuse\ModpathNameFileWriterUnit\default.txvpck"/>
			<None Include="ModelSupport_ModelMuse\SideLeakyZone\default.txvpck"/>
			<None Include="ModelSupport_ModelMuse\ColRowLayerChangeUnit\default.txvpck"/>
			<None Include="ModelSupport_ModelMuse\framePackageUZFUnit\default.txvpck"/>
			<None Include="ModelSupport_ModelMuse\PrintChemistryXYZ_Zone\default.txvpck"/>
			<None Include="ModelSupport_ModelMuse\CustomBoundaryZone\default.txvpck"/>
			<None Include="ModelSupport_ModelMuse\frmImportDistributedDataUnit\default.txvpck"/>
			<None Include="ModelSupport_ModelMuse\frmGenerateGridUnit\default.txvpck"/>
			<None Include="ModelSupport_ModelMuse\frmImportShapefileUnit\default.txvpck"/>
			<None Include="ModelSupport_ModelMuse\frmSetSpacingUnit\default.txvpck"/>
			<None Include="ModelSupport_ModelMuse\frmRunPhastUnit\default.txvpck"/>
			<None Include="ModelSupport_ModelMuse\framePcgUnit\default.txvpck"/>
			<None Include="ModelSupport_ModelMuse\frmFilesToArchiveUnit\default.txvpck"/>
			<None Include="ModelSupport_ModelMuse\ModflowRiverWriterUnit\default.txvpck"/>
			<None Include="ModelSupport_ModelMuse\ModflowSfrReachUnit\default.txvpck"/>
			<None Include="ModelSupport_ModelMuse\ObserverU\default.txvpck"/>
			<None Include="ModelSupport_ModelMuse\frameRulerOptionsUnit\default.txvpck"/>
			<None Include="ModelSupport_ModelMuse\frmFormulaErrorsUnit\default.txvpck"/>
			<None Include="ModelSupport_ModelMuse\ModflowOptionsUnit\default.txvpck"/>
			<None Include="ModelSupport_ModelMuse\frmRunModflowUnit\default.txvpck"/>
			<None Include="ModelSupport_ModelMuse\ModflowHfbDisplayUnit\default.txvpck"/>
			<None Include="ModelSupport_ModelMuse\ModflowCHD_WriterUnit\default.txvpck"/>
			<None Include="ModelSupport_ModelMuse\Undo\default.txvpck"/>
			<None Include="ModelSupport_ModelMuse\frameScreenObjectNoParamUnit\default.txvpck"/>
			<None Include="ModelSupport_ModelMuse\frmShowHideBitmapsUnit\default.txvpck"/>
			<None Include="ModelSupport_ModelMuse\ModflowSIP_WriterUnit\default.txvpck"/>
			<None Include="ModelSupport_ModelMuse\ModflowDRN_WriterUnit\default.txvpck"/>
			<None Include="ModelSupport_ModelMuse\TimeUnit\default.txvpck"/>
			<None Include="ModelSupport_ModelMuse\ShapefileUnit\default.txvpck"/>
			<None Include="ModelSupport_ModelMuse\frmRulerOptionsUnit\default.txvpck"/>
			<None Include="ModelSupport_ModelMuse\frmImportModflowUnit\default.txvpck"/>
			<None Include="ModelSupport_ModelMuse\ModflowUnitNumbers\default.txvpck"/>
			<None Include="ModelSupport_ModelMuse\framePackageSFRUnit\default.txvpck"/>
			<None Include="ModelSupport_ModelMuse\frmConvertChoiceUnit\default.txvpck"/>
			<None Include="ModelSupport_ModelMuse\SfrProcedures\default.txvpck"/>
			<None Include="ModelSupport_ModelMuse\frmExportShapefileUnit\default.txvpck"/>
			<None Include="ModelSupport_ModelMuse\frameGmgUnit\default.txvpck"/>
			<None Include="ModelSupport_ModelMuse\ModflowHFB_WriterUnit\default.txvpck"/>
			<None Include="ModelSupport_ModelMuse\frmFreeSurfaceUnit\default.txvpck"/>
			<None Include="ModelSupport_ModelMuse\frmAboutUnit\default.txvpck"/>
			<None Include="ModelSupport_ModelMuse\frameScreenObjectSFR_Unit\default.txvpck"/>
			<None Include="ModelSupport_ModelMuse\ModpathParticleUnit\default.txvpck"/>
			<None Include="ModelSupport_ModelMuse\ModflowSfrParamIcalcUnit\default.txvpck"/>
			<None Include="ModelSupport_ModelMuse\WritePhastUnit\default.txvpck"/>
			<None Include="ModelSupport_ModelMuse\frmScreenObjectPropertiesUnit\default.txvpck"/>
			<None Include="ModelSupport_ModelMuse\SpecifiedFluxSideZone\default.txvpck"/>
			<None Include="ModelSupport_ModelMuse\DXF_Structs\default.txvpck"/>
			<None Include="ModelSupport_ModelMuse\frmSmoothGridUnit\default.txvpck"/>
			<None Include="ModelSupport_ModelMuse\ModflowBasicWriterUnit\default.txvpck"/>
			<None Include="ModelSupport_ModelMuse\ModflowUzfWriterUnit\default.txvpck"/>
			<None Include="ModelSupport_ModelMuse\ModflowDrnUnit\default.txvpck"/>
			<None Include="ModelSupport_ModelMuse\ModflowLPF_WriterUnit\default.txvpck"/>
			<None Include="ModelSupport_ModelMuse\frmPixelPointUnit\default.txvpck"/>
			<None Include="ModelSupport_ModelMuse\ModflowSfrEquationUnit\default.txvpck"/>
			<None Include="ModelSupport_ModelMuse\ModflowDrtUnit\default.txvpck"/>
			<None Include="ModelSupport_ModelMuse\frmPhastGridOptionsUnit\default.txvpck"/>
			<None Include="ModelSupport_ModelMuse\ModflowOutputControlUnit\default.txvpck"/>
			<None Include="ModelSupport_ModelMuse\ModflowBoundaryDisplayUnit\default.txvpck"/>
			<None Include="ModelSupport_ModelMuse\SubscriptionUnit\default.txvpck"/>
			<None Include="ModelSupport_ModelMuse\ObserverListU\default.txvpck"/>
			<None Include="ModelSupport_ModelMuse\frmImportBitmapUnit\default.txvpck"/>
			<None Include="ModelSupport_ModelMuse\ModflowSfrTable\default.txvpck"/>
			<None Include="ModelSupport_ModelMuse\WriteRiverUnit\default.txvpck"/>
			<None Include="ModelSupport_ModelMuse\frmGoToUnit\default.txvpck"/>
			<None Include="ModelSupport_ModelMuse\AbstractTypedList\default.txvpck"/>
			<None Include="ModelSupport_ModelMuse\ContourUnit\default.txvpck"/>
			<None Include="ModelSupport_ModelMuse\TopLeakyZone\default.txvpck"/>
			<None Include="ModelSupport_ModelMuse\ModpathResponseFileWriterUnit\default.txvpck"/>
			<None Include="ModelSupport_ModelMuse\frmStartUpUnit\default.txvpck"/>
			<None Include="ModelSupport_ModelMuse\frameHfbScreenObjectUnit\default.txvpck"/>
			<None Include="ModelSupport_ModelMuse\frameViewUnit\default.txvpck"/>
			<None Include="ModelSupport_ModelMuse\rwXMLConv\default.txvpck"/>
			<None Include="ModelSupport_ModelMuse\ModflowEVT_WriterUnit\default.txvpck"/>
			<None Include="ModelSupport_ModelMuse\ModpathStartingLocationsWriter\default.txvpck"/>
			<None Include="ModelSupport_ModelMuse\ModflowDRT_WriterUnit\default.txvpck"/>
			<None Include="ModelSupport_ModelMuse\PhastDataSets\default.txvpck"/>
			<None Include="ModelSupport_ModelMuse\frmSelectColRowLayerUnit\default.txvpck"/>
			<None Include="ModelSupport_ModelMuse\CustomLeakyZone\default.txvpck"/>
			<None Include="ModelSupport_ModelMuse\frmImportPointsUnits\default.txvpck"/>
			<None Include="ModelSupport_ModelMuse\framePackageUnit\default.txvpck"/>
			<None Include="ModelSupport_ModelMuse\ModflowPackagesUnit\default.txvpck"/>
			<None Include="ModelSupport_ModelMuse\TripackProcedures\default.txvpck"/>
			<None Include="ModelSupport_ModelMuse\GlobalVariablesUnit\default.txvpck"/>
			<None Include="ModelSupport_ModelMuse\RealListUnit\default.txvpck"/>
			<None Include="ModelSupport_ModelMuse\DXF_read\default.txvpck"/>
			<None Include="ModelSupport_ModelMuse\FluxObservationUnit\default.txvpck"/>
			<None Include="ModelSupport_ModelMuse\frmSearchUnit\default.txvpck"/>
			<None Include="ModelSupport_ModelMuse\SpecifiedFluxFrontZone\default.txvpck"/>
			<None Include="ModelSupport_ModelMuse\UndoItems\default.txvpck"/>
			<None Include="ModelSupport_ModelMuse\Utilities\default.txvpck"/>
			<None Include="ModelSupport_ModelMuse\ModflowLakUnit\default.txvpck"/>
			<None Include="ModelSupport_ModelMuse\ModflowHOB_WriterUnit\default.txvpck"/>
			<None Include="ModelSupport_ModelMuse\PhastGridUnit\default.txvpck"/>
			<None Include="ModelSupport_ModelMuse\RequiredDataSetsUndoUnit\default.txvpck"/>
			<None Include="ModelSupport_ModelMuse\frmTimeControlUnit\default.txvpck"/>
			<None Include="ModelSupport_ModelMuse\ModflowHobUnit\default.txvpck"/>
			<None Include="ModelSupport_ModelMuse\frmGridSpacingUnit\default.txvpck"/>
			<None Include="ModelSupport_ModelMuse\frameInitialGridPositionUnit\default.txvpck"/>
			<None Include="ModelSupport_ModelMuse\SparseDataSets\default.txvpck"/>
			<None Include="ModelSupport_ModelMuse\DXF_write\default.txvpck"/>
			<None Include="ModelSupport_ModelMuse\LookUpTable\default.txvpck"/>
			<None Include="ModelSupport_ModelMuse\CompressedImageUnit\default.txvpck"/>
			<None Include="ModelSupport_ModelMuse\frameSfrParamInstancesUnit\default.txvpck"/>
			<None Include="ModelSupport_ModelMuse\frameIfaceUnit\default.txvpck"/>
			<None Include="ModelSupport_ModelMuse\frameDe4Unit\default.txvpck"/>
			<None Include="ModelSupport_ModelMuse\frmGlobalVariablesUnit\default.txvpck"/>
			<None Include="ModelSupport_ModelMuse\ModflowDiscretizationWriterUnit\default.txvpck"/>
			<None Include="ModelSupport_ModelMuse\ModflowSfrUnsatSegment\default.txvpck"/>
			<None Include="ModelSupport_ModelMuse\ModflowOC_Writer\default.txvpck"/>
			<None Include="ModelSupport_ModelMuse\frmSteadyFlowUnit\default.txvpck"/>
			<None Include="ModelSupport_ModelMuse\frmHintDelayUnit\default.txvpck"/>
			<None Include="ModelSupport_ModelMuse\frameHeadObservationsUnit\default.txvpck"/>
			<None Include="ModelSupport_ModelMuse\ModpathMainFileWriterUnit\default.txvpck"/>
			<None Include="ModelSupport_ModelMuse\framePackageLayerChoiceUnit\default.txvpck"/>
			<None Include="ModelSupport_ModelMuse\CoordinateConversionUnit\default.txvpck"/>
			<None Include="ModelSupport_ModelMuse\ModflowSfrWriterUnit\default.txvpck"/>
			<None Include="ModelSupport_ModelMuse\ClassificationUnit\default.txvpck"/>
			<None Include="ModelSupport_ModelMuse\frame3DViewUnit\default.txvpck"/>
			<None Include="ModelSupport_ModelMuse\SpecifiedFluxTopZone\default.txvpck"/>
			<None Include="ModelSupport_ModelMuse\frameFluxObsUnit\default.txvpck"/>
			<None Include="ModelSupport_ModelMuse\ModflowGAG_WriterUnit\default.txvpck"/>
			<None Include="ModelSupport_ModelMuse\ModflowCellUnit\default.txvpck"/>
			<None Include="ModelSupport_ModelMuse\frmSaveArchiveUnit\default.txvpck"/>
			<None Include="ModelSupport_ModelMuse\framePackageTransientLayerChoiceUnit\default.txvpck"/>
			<None Include="ModelSupport_ModelMuse\ModflowDE4_WriterUnit\default.txvpck"/>
			<None Include="ModelSupport_ModelMuse\rwXMLParser\default.txvpck"/>
			<None Include="ModelSupport_ModelMuse\SparseArrayUnit\default.txvpck"/>
			<None Include="ModelSupport_ModelMuse\ModflowEvtUnit\default.txvpck"/>
			<None Include="ModelSupport_ModelMuse\TempFiles\default.txvpck"/>
			<None Include="ModelSupport_ModelMuse\ModflowParameterUnit\default.txvpck"/>
			<None Include="ModelSupport_ModelMuse\frameScreenObjectCondParamUnit\default.txvpck"/>
			<None Include="ModelSupport_ModelMuse\ModflowEtsUnit\default.txvpck"/>
			<None Include="ModelSupport_ModelMuse\SpecifiedHeadZone\default.txvpck"/>
			<None Include="ModelSupport_ModelMuse\gpc\default.txvpck"/>
			<None Include="ModelSupport_ModelMuse\SelectUnit\default.txvpck"/>
			<None Include="ModelSupport_ModelMuse\IsosurfaceUnit\default.txvpck"/>
			<None Include="ModelSupport_ModelMuse\ModflowSfrFlows\default.txvpck"/>
			<None Include="ModelSupport_ModelMuse\ModflowWellWriterUnit\default.txvpck"/>
			<None Include="ModelSupport_ModelMuse\IniFileUtilities\default.txvpck"/>
			<None Include="ModelSupport_ModelMuse\frmColorsUnit\default.txvpck"/>
			<None Include="ModelSupport_ModelMuse\framePackageLpfUnit\default.txvpck"/>
			<None Include="ModelSupport_ModelMuse\frmErrorsAndWarningsUnit\default.txvpck"/>
			<None Include="ModelSupport_ModelMuse\frmSpecifyContoursUnit\default.txvpck"/>
			<None Include="ModelSupport_ModelMuse\frameScreenObjectParamUnit\default.txvpck"/>
			<None Include="ModelSupport_ModelMuse\EdgeDisplayUnit\default.txvpck"/>
			<None Include="ModelSupport_ModelMuse\ZoneUnit\default.txvpck"/>
			<None Include="ModelSupport_ModelMuse\ModflowETS_WriterUnit\default.txvpck"/>
			<None Include="ModelSupport_ModelMuse\ModflowPCG_WriterUnit\default.txvpck"/>
			<None Include="ModelSupport_ModelMuse\BigCanvasMethods\default.txvpck"/>
			<None Include="ModelSupport_ModelMuse\ModflowGhbUnit\default.txvpck"/>
			<None Include="ModelSupport_ModelMuse\frmPrintInitialUnit\default.txvpck"/>
			<None Include="ModelSupport_ModelMuse\frmModflowNameFileUnit\default.txvpck"/>
			<None Include="ModelSupport_ModelMuse\SfrInterpolatorUnit\default.txvpck"/>
			<None Include="ModelSupport_ModelMuse\DXF_Utils\default.txvpck"/>
			<None Include="ModelSupport_ModelMuse\frmUpdateDataSetsUnit\default.txvpck"/>
			<None Include="ModelSupport_ModelMuse\frmSolutionMethodUnit\default.txvpck"/>
			<None Include="ModelSupport_ModelMuse\ModflowRivUnit\default.txvpck"/>
			<None Include="ModelSupport_ModelMuse\frmImportGriddedDataUnit\default.txvpck"/>
			<None Include="ModelSupport_ModelMuse\frameModpathParticlesUnit\default.txvpck"/>
			<None Include="ModelSupport_ModelMuse\WriteWellUnit\default.txvpck"/>
			<None Include="ModelSupport_ModelMuse\ModflowHfbUnit\default.txvpck"/>
			<None Include="ModelSupport_ModelMuse\frmSelectImageUnit\default.txvpck"/>
			<None Include="ModelSupport_ModelMuse\frmChemistryOptionsUnit\default.txvpck"/>
			<None Include="ModelSupport_ModelMuse\ActiveZone\default.txvpck"/>
			<None Include="ModelSupport_ModelMuse\ModflowPackageSelectionUnit\default.txvpck"/>
			<None Include="ModelSupport_ModelMuse\frameDisplayLimitUnit\default.txvpck"/>
			<None Include="ModelSupport_ModelMuse\frameScreenObjectLAK_Unit\default.txvpck"/>
			<None Include="ModelSupport_ModelMuse\ModflowTransientListParameterUnit\default.txvpck"/>
			<None Include="ModelSupport_ModelMuse\ModflowGHB_WriterUnit\default.txvpck"/>
			<None Include="ModelSupport_ModelMuse\frmContourDataUnit\default.txvpck"/>
			<None Include="ModelSupport_ModelMuse\PrintFrequency\default.txvpck"/>
			<None Include="ModelSupport_ModelMuse\FastGEO\default.txvpck"/>
			<None Include="ModelSupport_ModelMuse\ModflowSfrChannelUnit\default.txvpck"/>
			<None Include="ModelSupport_ModelMuse\UndoItemsScreenObjects\default.txvpck"/>
			<None Include="ModelSupport_ModelMuse\AbstractGridUnit\default.txvpck"/>
			<None Include="ModelSupport_ModelMuse\frmPrintFrequencyUnit\default.txvpck"/>
			<None Include="ModelSupport_ModelMuse\CustomExtendedDialogForm\default.txvpck"/>
			<None Include="ModelSupport_ModelMuse\frmFormulaUnit\default.txvpck"/>
			<None Include="ModelSupport_ModelMuse\ModflowSfrSegment\default.txvpck"/>
			<None Include="ModelSupport_ModelMuse\ModflowLAK_Writer\default.txvpck"/>
			<None Include="ModelSupport_ModelMuse\arcball\default.txvpck"/>
			<None Include="ModelSupport_ModelMuse\frmCustomColorUnit\default.txvpck"/>
			<None Include="ModelSupport_ModelMuse\ModflowGMG_WriterUnit\default.txvpck"/>
			<None Include="ModelSupport_ModelMuse\framePackageResUnit\default.txvpck"/>
			<None Include="ModelSupport_ModelMuse\frmRearrangeObjectsUnit\default.txvpck"/>
			<None Include="ModelSupport_ModelMuse\frmImportDXFUnit\default.txvpck"/>
			<None Include="ModelSupport_ModelMuse\frameCrossSectionUnit\default.txvpck"/>
			<None Include="ModelSupport_ModelMuse\ReadModflowArrayUnit\default.txvpck"/>
			<None Include="ModelSupport_ModelMuse\frmGridAngleUnit\default.txvpck"/>
			<None Include="ModelSupport_ModelMuse\frmLinkStreamsUnit\default.txvpck"/>
			<None Include="ModelSupport_ModelMuse\PrintChemistryZone\default.txvpck"/>
			<None Include="ModelSupport_ModelMuse\frameFlowTableUnit\default.txvpck"/>
			<None Include="ModelSupport_ModelMuse\PathlineReader\default.txaPackage"/>
			<None Include="ModelSupport_ModelMuse\frmEndPointDisplayUnit\default.txaPackage"/>
			<None Include="ModelSupport_ModelMuse\frmCustomSelectObjectsUnit\default.txaPackage"/>
			<None Include="ModelSupport_ModelMuse\GlobalData\default.txaPackage"/>
			<None Include="ModelSupport_ModelMuse\UcodeUnit\default.txaPackage"/>
			<None Include="ModelSupport_ModelMuse\ModflowHUF_WriterUnit\default.txaPackage"/>
			<None Include="ModelSupport_ModelMuse\framePackageSubUnit\default.txaPackage"/>
			<None Include="ModelSupport_ModelMuse\DependentsUnit\default.txaPackage"/>
			<None Include="ModelSupport_ModelMuse\ModflowMNW2_WriterUnit\default.txaPackage"/>
			<None Include="ModelSupport_ModelMuse\PriorInfoUnit\default.txaPackage"/>
			<None Include="ModelSupport_ModelMuse\GlobalBasicData\default.txaPackage"/>
			<None Include="ModelSupport_ModelMuse\ParallelControlUnit\default.txaPackage"/>
			<None Include="ModelSupport_ModelMuse\frmHUF_LayersUnit\default.txaPackage"/>
			<None Include="ModelSupport_ModelMuse\ConvexHullUnit\default.txaPackage"/>
			<None Include="ModelSupport_ModelMuse\frmDeleteImageUnit\default.txaPackage"/>
			<None Include="ModelSupport_ModelMuse\framePackageHufUnit\default.txaPackage"/>
			<None Include="ModelSupport_ModelMuse\frmDataSetValuesUnit\default.txaPackage"/>
			<None Include="ModelSupport_ModelMuse\sskutils\default.txaPackage"/>
			<None Include="ModelSupport_ModelMuse\HufDefinition\default.txaPackage"/>
			<None Include="ModelSupport_ModelMuse\frmSelectObjectsForEditingUnit\default.txaPackage"/>
			<None Include="ModelSupport_ModelMuse\ModflowSubsidenceDefUnit\default.txaPackage"/>
			<None Include="ModelSupport_ModelMuse\frmRunModpathUnit\default.txaPackage"/>
			<None Include="ModelSupport_ModelMuse\ModflowMnw2Unit\default.txaPackage"/>
			<None Include="ModelSupport_ModelMuse\ModelMateClassesUnit\default.txaPackage"/>
			<None Include="ModelSupport_ModelMuse\frameBatchFileLinesUnit\default.txaPackage"/>
			<None Include="ModelSupport_ModelMuse\GlobalTypesUnit\default.txaPackage"/>
			<None Include="ModelSupport_ModelMuse\ModelMuseUtilities\default.txaPackage"/>
			<None Include="ModelSupport_ModelMuse\HashTrie\default.txaPackage"/>
			<None Include="ModelSupport_ModelMuse\ModflowSUB_Writer\default.txaPackage"/>
			<None Include="ModelSupport_ModelMuse\frmBatchFileAdditionsUnit\default.txaPackage"/>
			<None Include="ModelSupport_ModelMuse\ParallelRunnerUnit\default.txaPackage"/>
			<None Include="ModelSupport_ModelMuse\frmWorldFileTypeUnit\default.txaPackage"/>
			<None Include="ModelSupport_ModelMuse\UnitCrc\default.txaPackage"/>
			<None Include="ModelSupport_ModelMuse\frameLocationMethodUnit\default.txaPackage"/>
			<None Include="ModelSupport_ModelMuse\UnitList\default.txaPackage"/>
			<None Include="ModelSupport_ModelMuse\ModflowKDEP_WriterUnit\default.txaPackage"/>
			<None Include="ModelSupport_ModelMuse\frmTimeStepLengthCalculatorUnit\default.txaPackage"/>
			<None Include="ModelSupport_ModelMuse\framePackageMnw2Unit\default.txaPackage"/>
			<None Include="ModelSupport_ModelMuse\CheckInternetUnit\default.txaPackage"/>
			<None Include="ModelSupport_ModelMuse\frmTimeSeriesDisplayUnit\default.txaPackage"/>
			<None Include="ModelSupport_ModelMuse\ModflowBCF_WriterUnit\default.txaPackage"/>
			<None Include="ModelSupport_ModelMuse\ModflowGageUnit\default.txaPackage"/>
			<None Include="ModelSupport_ModelMuse\frameSubBedsUnit\default.txaPackage"/>
			<None Include="ModelSupport_ModelMuse\FormulaManagerUnit\default.txaPackage"/>
			<None Include="ModelSupport_ModelMuse\frameScreenObjectMNW2Unit\default.txaPackage"/>
			<None Include="ModelSupport_ModelMuse\frmModpathDisplayUnit\default.txaPackage"/>
			<None Include="ModelSupport_ModelMuse\ModelMateUtilities\default.txaPackage"/>
			<None Include="ModelSupport_ModelMuse\frmPhastLocationUnit\default.txaPackage"/>
			<None Include="ModelSupport_ModelMuse\ModflowLVDA_WriterUnit\default.txaPackage"/>
			<None Include="ModelSupport_ModelMuse\JvRichEdit\default.txaPackage"/>
			<None Include="ModelSupport_ModelMuse\JupiterUnit\default.txaPackage"/>
			<None Include="ModelSupport_ModelMuse\frmExportShapefileObjectsUnit\default.txaPackage"/>
			<None Include="ModelSupport_ModelMuse\frmImportSurferGrdFileUnitUnit\default.txaPackage"/>
			<None Include="ModelSupport_ModelMuse\frmImportDEMUnit\default.txaPackage"/>
			<None Include="ModelSupport_ModelMuse\frmCustomImportSimpleFileUnit\default.txaPackage"/>
			<None Include="ModelSupport_ModelMuse\SurferGridFileReaderUnit\default.txaPackage"/>
			<None Include="ModelSupport_ModelMuse\DemReaderUnit\default.txaPackage"/>
			<None Include="ModelSupport_ModelMuse\ParallelRunnerUnit\default.txvpck"/>
			<None Include="ModelSupport_ModelMuse\frmWorldFileTypeUnit\default.txvpck"/>
			<None Include="ModelSupport_ModelMuse\UnitCrc\default.txvpck"/>
			<None Include="ModelSupport_ModelMuse\frmCustomImportSimpleFileUnit\default.txvpck"/>
			<None Include="ModelSupport_ModelMuse\frameLocationMethodUnit\default.txvpck"/>
			<None Include="ModelSupport_ModelMuse\UnitList\default.txvpck"/>
			<None Include="ModelSupport_ModelMuse\ModflowKDEP_WriterUnit\default.txvpck"/>
			<None Include="ModelSupport_ModelMuse\frmDeleteImageUnit\default.txvpck"/>
			<None Include="ModelSupport_ModelMuse\framePackageMnw2Unit\default.txvpck"/>
			<None Include="ModelSupport_ModelMuse\framePackageHufUnit\default.txvpck"/>
			<None Include="ModelSupport_ModelMuse\CheckInternetUnit\default.txvpck"/>
			<None Include="ModelSupport_ModelMuse\frmTimeSeriesDisplayUnit\default.txvpck"/>
			<None Include="ModelSupport_ModelMuse\ModflowBCF_WriterUnit\default.txvpck"/>
			<None Include="ModelSupport_ModelMuse\ModflowGageUnit\default.txvpck"/>
			<None Include="ModelSupport_ModelMuse\frameSubBedsUnit\default.txvpck"/>
			<None Include="ModelSupport_ModelMuse\FormulaManagerUnit\default.txvpck"/>
			<None Include="ModelSupport_ModelMuse\GlobalBasicData\default.txvpck"/>
			<None Include="ModelSupport_ModelMuse\frameScreenObjectMNW2Unit\default.txvpck"/>
			<None Include="ModelSupport_ModelMuse\framePackageSubUnit\default.txvpck"/>
			<None Include="ModelSupport_ModelMuse\frmModpathDisplayUnit\default.txvpck"/>
			<None Include="ModelSupport_ModelMuse\ModelMateUtilities\default.txvpck"/>
			<None Include="ModelSupport_ModelMuse\frmPhastLocationUnit\default.txvpck"/>
			<None Include="ModelSupport_ModelMuse\ModflowLVDA_WriterUnit\default.txvpck"/>
			<None Include="ModelSupport_ModelMuse\JvRichEdit\default.txvpck"/>
			<None Include="ModelSupport_ModelMuse\SurferGridFileReaderUnit\default.txvpck"/>
			<None Include="ModelSupport_ModelMuse\JupiterUnit\default.txvpck"/>
			<None Include="ModelSupport_ModelMuse\DemReaderUnit\default.txvpck"/>
			<None Include="ModelSupport_ModelMuse\frmExportShapefileObjectsUnit\default.txvpck"/>
			<None Include="ModelSupport_ModelMuse\frmImportSurferGrdFileUnitUnit\default.txvpck"/>
			<None Include="ModelSupport_ModelMuse\PathlineReader\default.txvpck"/>
			<None Include="ModelSupport_ModelMuse\DependentsUnit\default.txvpck"/>
			<None Include="ModelSupport_ModelMuse\frmEndPointDisplayUnit\default.txvpck"/>
			<None Include="ModelSupport_ModelMuse\ModflowHUF_WriterUnit\default.txvpck"/>
			<None Include="ModelSupport_ModelMuse\frmCustomSelectObjectsUnit\default.txvpck"/>
			<None Include="ModelSupport_ModelMuse\ParallelControlUnit\default.txvpck"/>
			<None Include="ModelSupport_ModelMuse\frmHUF_LayersUnit\default.txvpck"/>
			<None Include="ModelSupport_ModelMuse\frmTimeStepLengthCalculatorUnit\default.txvpck"/>
			<None Include="ModelSupport_ModelMuse\GlobalData\default.txvpck"/>
			<None Include="ModelSupport_ModelMuse\UcodeUnit\default.txvpck"/>
			<None Include="ModelSupport_ModelMuse\ConvexHullUnit\default.txvpck"/>
			<None Include="ModelSupport_ModelMuse\ModflowMNW2_WriterUnit\default.txvpck"/>
			<None Include="ModelSupport_ModelMuse\PriorInfoUnit\default.txvpck"/>
			<None Include="ModelSupport_ModelMuse\frmImportDEMUnit\default.txvpck"/>
			<None Include="ModelSupport_ModelMuse\frmDataSetValuesUnit\default.txvpck"/>
			<None Include="ModelSupport_ModelMuse\sskutils\default.txvpck"/>
			<None Include="ModelSupport_ModelMuse\HufDefinition\default.txvpck"/>
			<None Include="ModelSupport_ModelMuse\frmSelectObjectsForEditingUnit\default.txvpck"/>
			<None Include="ModelSupport_ModelMuse\ModflowSubsidenceDefUnit\default.txvpck"/>
			<None Include="ModelSupport_ModelMuse\frmRunModpathUnit\default.txvpck"/>
			<None Include="ModelSupport_ModelMuse\ModflowMnw2Unit\default.txvpck"/>
			<None Include="ModelSupport_ModelMuse\ModelMateClassesUnit\default.txvpck"/>
			<None Include="ModelSupport_ModelMuse\frameBatchFileLinesUnit\default.txvpck"/>
			<None Include="ModelSupport_ModelMuse\GlobalTypesUnit\default.txvpck"/>
			<None Include="ModelSupport_ModelMuse\ModelMuseUtilities\default.txvpck"/>
			<None Include="ModelSupport_ModelMuse\HashTrie\default.txvpck"/>
			<None Include="ModelSupport_ModelMuse\ModflowSUB_Writer\default.txvpck"/>
			<None Include="ModelSupport_ModelMuse\frmBatchFileAdditionsUnit\default.txvpck"/>
			<BuildConfiguration Include="Debug">
				<Key>Cfg_2</Key>
				<CfgParent>Base</CfgParent>
			</BuildConfiguration>
			<BuildConfiguration Include="Base">
				<Key>Base</Key>
			</BuildConfiguration>
			<BuildConfiguration Include="Release">
				<Key>Cfg_1</Key>
				<CfgParent>Base</CfgParent>
			</BuildConfiguration>
		</ItemGroup>
		<Import Condition="Exists('$(BDS)\Bin\CodeGear.Delphi.Targets')" Project="$(BDS)\Bin\CodeGear.Delphi.Targets"/>
		<Import Condition="Exists('$(APPDATA)\Embarcadero\$(BDSAPPDATABASEDIR)\$(PRODUCTVERSION)\UserTools.proj')" Project="$(APPDATA)\Embarcadero\$(BDSAPPDATABASEDIR)\$(PRODUCTVERSION)\UserTools.proj"/>
		<ProjectExtensions>
			<Borland.Personality>Delphi.Personality.12</Borland.Personality>
			<Borland.ProjectType>VCLApplication</Borland.ProjectType>
			<BorlandProject>
				<Delphi.Personality>
					<Source>
						<Source Name="MainSource">ModelMuse.dpr</Source>
					</Source>
					<VersionInfo>
						<VersionInfo Name="IncludeVerInfo">True</VersionInfo>
						<VersionInfo Name="AutoIncBuild">False</VersionInfo>
						<VersionInfo Name="MajorVer">2</VersionInfo>
						<VersionInfo Name="MinorVer">11</VersionInfo>
						<VersionInfo Name="Release">0</VersionInfo>
						<VersionInfo Name="Build">0</VersionInfo>
						<VersionInfo Name="Debug">False</VersionInfo>
						<VersionInfo Name="PreRelease">False</VersionInfo>
						<VersionInfo Name="Special">False</VersionInfo>
						<VersionInfo Name="Private">False</VersionInfo>
						<VersionInfo Name="DLL">False</VersionInfo>
						<VersionInfo Name="Locale">1033</VersionInfo>
						<VersionInfo Name="CodePage">1252</VersionInfo>
					</VersionInfo>
					<VersionInfoKeys>
						<VersionInfoKeys Name="CompanyName">U. S. Geological Survey</VersionInfoKeys>
						<VersionInfoKeys Name="FileDescription"/>
						<VersionInfoKeys Name="FileVersion">2.11.0.0</VersionInfoKeys>
						<VersionInfoKeys Name="InternalName"/>
						<VersionInfoKeys Name="LegalCopyright">Public Domain software</VersionInfoKeys>
						<VersionInfoKeys Name="LegalTrademarks"/>
						<VersionInfoKeys Name="OriginalFilename"/>
						<VersionInfoKeys Name="ProductName">ModelMuse</VersionInfoKeys>
						<VersionInfoKeys Name="ProductVersion">2.11.0.0</VersionInfoKeys>
						<VersionInfoKeys Name="Comments"/>
						<VersionInfoKeys Name="Last Compile">2011-09-27 11:20</VersionInfoKeys>
					</VersionInfoKeys>
					<Excluded_Packages>
						<Excluded_Packages Name="$(BDSBIN)\dcloffice2k150.bpl">Microsoft Office 2000 Sample Automation Server Wrapper Components</Excluded_Packages>
						<Excluded_Packages Name="$(BDSBIN)\dclofficexp150.bpl">Microsoft Office XP Sample Automation Server Wrapper Components</Excluded_Packages>
					</Excluded_Packages>
					<Parameters/>
				</Delphi.Personality>
				<Platforms>
					<Platform value="Win32">True</Platform>
				</Platforms>
			</BorlandProject>
			<ProjectFileVersion>12</ProjectFileVersion>
		</ProjectExtensions>
	</Project>
